// !$*UTF8*$!
{
	archiveVersion = 1;
	classes = {
	};
	objectVersion = 54;
	objects = {

/* Begin PBXBuildFile section */
		00E356F31AD99517003FC87E /* UMALL.m in Sources */ = {isa = PBXBuildFile; fileRef = 00E356F21AD99517003FC87E /* UMALL.m */; };
		0C80B921A6F3F58F76C31292 /* libPods-UMALL.a in Frameworks */ = {isa = PBXBuildFile; fileRef = 5DCACB8F33CDC322A6C60F78 /* libPods-UMALL.a */; };
		13B07FBC1A68108700A75B9A /* AppDelegate.mm in Sources */ = {isa = PBXBuildFile; fileRef = 13B07FB01A68108700A75B9A /* AppDelegate.mm */; };
		13B07FBF1A68108700A75B9A /* Images.xcassets in Resources */ = {isa = PBXBuildFile; fileRef = 13B07FB51A68108700A75B9A /* Images.xcassets */; };
		13B07FC11A68108700A75B9A /* main.m in Sources */ = {isa = PBXBuildFile; fileRef = 13B07FB71A68108700A75B9A /* main.m */; };
		6072935828664212007FBD2F /* Fontisto.ttf in Resources */ = {isa = PBXBuildFile; fileRef = 6072934828664212007FBD2F /* Fontisto.ttf */; };
		6072935928664212007FBD2F /* Octicons.ttf in Resources */ = {isa = PBXBuildFile; fileRef = 6072934928664212007FBD2F /* Octicons.ttf */; };
		6072935A28664212007FBD2F /* Feather.ttf in Resources */ = {isa = PBXBuildFile; fileRef = 6072934A28664212007FBD2F /* Feather.ttf */; };
		6072935B28664212007FBD2F /* Entypo.ttf in Resources */ = {isa = PBXBuildFile; fileRef = 6072934B28664212007FBD2F /* Entypo.ttf */; };
		6072935C28664212007FBD2F /* FontAwesome5_Brands.ttf in Resources */ = {isa = PBXBuildFile; fileRef = 6072934C28664212007FBD2F /* FontAwesome5_Brands.ttf */; };
		6072935D28664212007FBD2F /* MaterialCommunityIcons.ttf in Resources */ = {isa = PBXBuildFile; fileRef = 6072934D28664212007FBD2F /* MaterialCommunityIcons.ttf */; };
		6072935E28664212007FBD2F /* AntDesign.ttf in Resources */ = {isa = PBXBuildFile; fileRef = 6072934E28664212007FBD2F /* AntDesign.ttf */; };
		6072935F28664212007FBD2F /* Foundation.ttf in Resources */ = {isa = PBXBuildFile; fileRef = 6072934F28664212007FBD2F /* Foundation.ttf */; };
		6072936028664212007FBD2F /* Ionicons.ttf in Resources */ = {isa = PBXBuildFile; fileRef = 6072935028664212007FBD2F /* Ionicons.ttf */; };
		6072936128664212007FBD2F /* FontAwesome5_Solid.ttf in Resources */ = {isa = PBXBuildFile; fileRef = 6072935128664212007FBD2F /* FontAwesome5_Solid.ttf */; };
		6072936228664212007FBD2F /* FontAwesome5_Regular.ttf in Resources */ = {isa = PBXBuildFile; fileRef = 6072935228664212007FBD2F /* FontAwesome5_Regular.ttf */; };
		6072936328664212007FBD2F /* FontAwesome.ttf in Resources */ = {isa = PBXBuildFile; fileRef = 6072935328664212007FBD2F /* FontAwesome.ttf */; };
		6072936428664212007FBD2F /* Zocial.ttf in Resources */ = {isa = PBXBuildFile; fileRef = 6072935428664212007FBD2F /* Zocial.ttf */; };
		6072936528664212007FBD2F /* EvilIcons.ttf in Resources */ = {isa = PBXBuildFile; fileRef = 6072935528664212007FBD2F /* EvilIcons.ttf */; };
		6072936628664212007FBD2F /* SimpleLineIcons.ttf in Resources */ = {isa = PBXBuildFile; fileRef = 6072935628664212007FBD2F /* SimpleLineIcons.ttf */; };
		6072936728664212007FBD2F /* MaterialIcons.ttf in Resources */ = {isa = PBXBuildFile; fileRef = 6072935728664212007FBD2F /* MaterialIcons.ttf */; };
		60729379286644C7007FBD2F /* Fontisto.ttf in Resources */ = {isa = PBXBuildFile; fileRef = 60729369286644C7007FBD2F /* Fontisto.ttf */; };
		6072937A286644C7007FBD2F /* Octicons.ttf in Resources */ = {isa = PBXBuildFile; fileRef = 6072936A286644C7007FBD2F /* Octicons.ttf */; };
		6072937B286644C7007FBD2F /* Feather.ttf in Resources */ = {isa = PBXBuildFile; fileRef = 6072936B286644C7007FBD2F /* Feather.ttf */; };
		6072937C286644C7007FBD2F /* Entypo.ttf in Resources */ = {isa = PBXBuildFile; fileRef = 6072936C286644C7007FBD2F /* Entypo.ttf */; };
		6072937D286644C7007FBD2F /* FontAwesome5_Brands.ttf in Resources */ = {isa = PBXBuildFile; fileRef = 6072936D286644C7007FBD2F /* FontAwesome5_Brands.ttf */; };
		6072937E286644C7007FBD2F /* MaterialCommunityIcons.ttf in Resources */ = {isa = PBXBuildFile; fileRef = 6072936E286644C7007FBD2F /* MaterialCommunityIcons.ttf */; };
		6072937F286644C7007FBD2F /* AntDesign.ttf in Resources */ = {isa = PBXBuildFile; fileRef = 6072936F286644C7007FBD2F /* AntDesign.ttf */; };
		60729380286644C7007FBD2F /* Foundation.ttf in Resources */ = {isa = PBXBuildFile; fileRef = 60729370286644C7007FBD2F /* Foundation.ttf */; };
		60729381286644C7007FBD2F /* Ionicons.ttf in Resources */ = {isa = PBXBuildFile; fileRef = 60729371286644C7007FBD2F /* Ionicons.ttf */; };
		60729382286644C7007FBD2F /* FontAwesome5_Solid.ttf in Resources */ = {isa = PBXBuildFile; fileRef = 60729372286644C7007FBD2F /* FontAwesome5_Solid.ttf */; };
		60729383286644C7007FBD2F /* FontAwesome5_Regular.ttf in Resources */ = {isa = PBXBuildFile; fileRef = 60729373286644C7007FBD2F /* FontAwesome5_Regular.ttf */; };
		60729384286644C7007FBD2F /* FontAwesome.ttf in Resources */ = {isa = PBXBuildFile; fileRef = 60729374286644C7007FBD2F /* FontAwesome.ttf */; };
		60729385286644C7007FBD2F /* Zocial.ttf in Resources */ = {isa = PBXBuildFile; fileRef = 60729375286644C7007FBD2F /* Zocial.ttf */; };
		60729386286644C7007FBD2F /* EvilIcons.ttf in Resources */ = {isa = PBXBuildFile; fileRef = 60729376286644C7007FBD2F /* EvilIcons.ttf */; };
		60729387286644C7007FBD2F /* SimpleLineIcons.ttf in Resources */ = {isa = PBXBuildFile; fileRef = 60729377286644C7007FBD2F /* SimpleLineIcons.ttf */; };
		60729388286644C7007FBD2F /* MaterialIcons.ttf in Resources */ = {isa = PBXBuildFile; fileRef = 60729378286644C7007FBD2F /* MaterialIcons.ttf */; };
		607C62F52913EBD400D0AE62 /* DynamicIslandBridge.m in Sources */ = {isa = PBXBuildFile; fileRef = 607C62F32913EBD400D0AE62 /* DynamicIslandBridge.m */; };
		607C62F62913EBD400D0AE62 /* DynamicIslandModule.swift in Sources */ = {isa = PBXBuildFile; fileRef = 607C62F42913EBD400D0AE62 /* DynamicIslandModule.swift */; };
		607C63012913EC5800D0AE62 /* WidgetKit.framework in Frameworks */ = {isa = PBXBuildFile; fileRef = 607C63002913EC5800D0AE62 /* WidgetKit.framework */; };
		607C63032913EC5800D0AE62 /* SwiftUI.framework in Frameworks */ = {isa = PBXBuildFile; fileRef = 607C63022913EC5800D0AE62 /* SwiftUI.framework */; };
		607C63082913EC5800D0AE62 /* UMBusReminder.swift in Sources */ = {isa = PBXBuildFile; fileRef = 607C63072913EC5800D0AE62 /* UMBusReminder.swift */; };
		607C630A2913EC5900D0AE62 /* Assets.xcassets in Resources */ = {isa = PBXBuildFile; fileRef = 607C63092913EC5900D0AE62 /* Assets.xcassets */; };
		607C630E2913EC5900D0AE62 /* UMBusReminderExtension.appex in Embed Foundation Extensions */ = {isa = PBXBuildFile; fileRef = 607C62FF2913EC5800D0AE62 /* UMBusReminderExtension.appex */; settings = {ATTRIBUTES = (RemoveHeadersOnCopy, ); }; };
		607C63162913EE5D00D0AE62 /* ActivityAttributes.swift in Sources */ = {isa = PBXBuildFile; fileRef = 607C63152913EE5D00D0AE62 /* ActivityAttributes.swift */; };
		607C63172913EE5D00D0AE62 /* ActivityAttributes.swift in Sources */ = {isa = PBXBuildFile; fileRef = 607C63152913EE5D00D0AE62 /* ActivityAttributes.swift */; };
		607C63182913EE5D00D0AE62 /* ActivityAttributes.swift in Sources */ = {isa = PBXBuildFile; fileRef = 607C63152913EE5D00D0AE62 /* ActivityAttributes.swift */; };
		7699B88040F8A987B510C191 /* libPods-UMALL-UMALLTests.a in Frameworks */ = {isa = PBXBuildFile; fileRef = 19F6CBCC0A4E27FBF8BF4A61 /* libPods-UMALL-UMALLTests.a */; };
		81AB9BB82411601600AC10FF /* LaunchScreen.storyboard in Resources */ = {isa = PBXBuildFile; fileRef = 81AB9BB72411601600AC10FF /* LaunchScreen.storyboard */; };
/* End PBXBuildFile section */

/* Begin PBXContainerItemProxy section */
		00E356F41AD99517003FC87E /* PBXContainerItemProxy */ = {
			isa = PBXContainerItemProxy;
			containerPortal = 83CBB9F71A601CBA00E9B192 /* Project object */;
			proxyType = 1;
			remoteGlobalIDString = 13B07F861A680F5B00A75B9A;
			remoteInfo = UMALL;
		};
		607C630C2913EC5900D0AE62 /* PBXContainerItemProxy */ = {
			isa = PBXContainerItemProxy;
			containerPortal = 83CBB9F71A601CBA00E9B192 /* Project object */;
			proxyType = 1;
			remoteGlobalIDString = 607C62FE2913EC5800D0AE62;
			remoteInfo = UMBusReminderExtension;
		};
/* End PBXContainerItemProxy section */

/* Begin PBXCopyFilesBuildPhase section */
		607C63122913EC5900D0AE62 /* Embed Foundation Extensions */ = {
			isa = PBXCopyFilesBuildPhase;
			buildActionMask = 2147483647;
			dstPath = "";
			dstSubfolderSpec = 13;
			files = (
				607C630E2913EC5900D0AE62 /* UMBusReminderExtension.appex in Embed Foundation Extensions */,
			);
			name = "Embed Foundation Extensions";
			runOnlyForDeploymentPostprocessing = 0;
		};
/* End PBXCopyFilesBuildPhase section */

/* Begin PBXFileReference section */
		00E356EE1AD99517003FC87E /* UMALLTests.xctest */ = {isa = PBXFileReference; explicitFileType = wrapper.cfbundle; includeInIndex = 0; path = UMALLTests.xctest; sourceTree = BUILT_PRODUCTS_DIR; };
		00E356F11AD99517003FC87E /* Info.plist */ = {isa = PBXFileReference; lastKnownFileType = text.plist.xml; path = Info.plist; sourceTree = "<group>"; };
		00E356F21AD99517003FC87E /* UMALL.m */ = {isa = PBXFileReference; lastKnownFileType = sourcecode.c.objc; path = UMALL.m; sourceTree = "<group>"; };
		13B07F961A680F5B00A75B9A /* UM ALL.app */ = {isa = PBXFileReference; explicitFileType = wrapper.application; includeInIndex = 0; path = "UM ALL.app"; sourceTree = BUILT_PRODUCTS_DIR; };
		13B07FAF1A68108700A75B9A /* AppDelegate.h */ = {isa = PBXFileReference; fileEncoding = 4; lastKnownFileType = sourcecode.c.h; name = AppDelegate.h; path = UMALL/AppDelegate.h; sourceTree = "<group>"; };
		13B07FB01A68108700A75B9A /* AppDelegate.mm */ = {isa = PBXFileReference; fileEncoding = 4; lastKnownFileType = sourcecode.cpp.objcpp; name = AppDelegate.mm; path = UMALL/AppDelegate.mm; sourceTree = "<group>"; };
		13B07FB51A68108700A75B9A /* Images.xcassets */ = {isa = PBXFileReference; lastKnownFileType = folder.assetcatalog; name = Images.xcassets; path = UMALL/Images.xcassets; sourceTree = "<group>"; };
		13B07FB61A68108700A75B9A /* Info.plist */ = {isa = PBXFileReference; fileEncoding = 4; lastKnownFileType = text.plist.xml; name = Info.plist; path = UMALL/Info.plist; sourceTree = "<group>"; };
		13B07FB71A68108700A75B9A /* main.m */ = {isa = PBXFileReference; fileEncoding = 4; lastKnownFileType = sourcecode.c.objc; name = main.m; path = UMALL/main.m; sourceTree = "<group>"; };
		19F6CBCC0A4E27FBF8BF4A61 /* libPods-UMALL-UMALLTests.a */ = {isa = PBXFileReference; explicitFileType = archive.ar; includeInIndex = 0; path = "libPods-UMALL-UMALLTests.a"; sourceTree = BUILT_PRODUCTS_DIR; };
		3B4392A12AC88292D35C810B /* Pods-UMALL.debug.xcconfig */ = {isa = PBXFileReference; includeInIndex = 1; lastKnownFileType = text.xcconfig; name = "Pods-UMALL.debug.xcconfig"; path = "Target Support Files/Pods-UMALL/Pods-UMALL.debug.xcconfig"; sourceTree = "<group>"; };
		5709B34CF0A7D63546082F79 /* Pods-UMALL.release.xcconfig */ = {isa = PBXFileReference; includeInIndex = 1; lastKnownFileType = text.xcconfig; name = "Pods-UMALL.release.xcconfig"; path = "Target Support Files/Pods-UMALL/Pods-UMALL.release.xcconfig"; sourceTree = "<group>"; };
		5B7EB9410499542E8C5724F5 /* Pods-UMALL-UMALLTests.debug.xcconfig */ = {isa = PBXFileReference; includeInIndex = 1; lastKnownFileType = text.xcconfig; name = "Pods-UMALL-UMALLTests.debug.xcconfig"; path = "Target Support Files/Pods-UMALL-UMALLTests/Pods-UMALL-UMALLTests.debug.xcconfig"; sourceTree = "<group>"; };
		5DCACB8F33CDC322A6C60F78 /* libPods-UMALL.a */ = {isa = PBXFileReference; explicitFileType = archive.ar; includeInIndex = 0; path = "libPods-UMALL.a"; sourceTree = BUILT_PRODUCTS_DIR; };
		604D241528B5EDB8008ECEAB /* UMALL.entitlements */ = {isa = PBXFileReference; lastKnownFileType = text.plist.entitlements; name = UMALL.entitlements; path = UMALL/UMALL.entitlements; sourceTree = "<group>"; };
		6072934828664212007FBD2F /* Fontisto.ttf */ = {isa = PBXFileReference; lastKnownFileType = file; path = Fontisto.ttf; sourceTree = "<group>"; };
		6072934928664212007FBD2F /* Octicons.ttf */ = {isa = PBXFileReference; lastKnownFileType = file; path = Octicons.ttf; sourceTree = "<group>"; };
		6072934A28664212007FBD2F /* Feather.ttf */ = {isa = PBXFileReference; lastKnownFileType = file; path = Feather.ttf; sourceTree = "<group>"; };
		6072934B28664212007FBD2F /* Entypo.ttf */ = {isa = PBXFileReference; lastKnownFileType = file; path = Entypo.ttf; sourceTree = "<group>"; };
		6072934C28664212007FBD2F /* FontAwesome5_Brands.ttf */ = {isa = PBXFileReference; lastKnownFileType = file; path = FontAwesome5_Brands.ttf; sourceTree = "<group>"; };
		6072934D28664212007FBD2F /* MaterialCommunityIcons.ttf */ = {isa = PBXFileReference; lastKnownFileType = file; path = MaterialCommunityIcons.ttf; sourceTree = "<group>"; };
		6072934E28664212007FBD2F /* AntDesign.ttf */ = {isa = PBXFileReference; lastKnownFileType = file; path = AntDesign.ttf; sourceTree = "<group>"; };
		6072934F28664212007FBD2F /* Foundation.ttf */ = {isa = PBXFileReference; lastKnownFileType = file; path = Foundation.ttf; sourceTree = "<group>"; };
		6072935028664212007FBD2F /* Ionicons.ttf */ = {isa = PBXFileReference; lastKnownFileType = file; path = Ionicons.ttf; sourceTree = "<group>"; };
		6072935128664212007FBD2F /* FontAwesome5_Solid.ttf */ = {isa = PBXFileReference; lastKnownFileType = file; path = FontAwesome5_Solid.ttf; sourceTree = "<group>"; };
		6072935228664212007FBD2F /* FontAwesome5_Regular.ttf */ = {isa = PBXFileReference; lastKnownFileType = file; path = FontAwesome5_Regular.ttf; sourceTree = "<group>"; };
		6072935328664212007FBD2F /* FontAwesome.ttf */ = {isa = PBXFileReference; lastKnownFileType = file; path = FontAwesome.ttf; sourceTree = "<group>"; };
		6072935428664212007FBD2F /* Zocial.ttf */ = {isa = PBXFileReference; lastKnownFileType = file; path = Zocial.ttf; sourceTree = "<group>"; };
		6072935528664212007FBD2F /* EvilIcons.ttf */ = {isa = PBXFileReference; lastKnownFileType = file; path = EvilIcons.ttf; sourceTree = "<group>"; };
		6072935628664212007FBD2F /* SimpleLineIcons.ttf */ = {isa = PBXFileReference; lastKnownFileType = file; path = SimpleLineIcons.ttf; sourceTree = "<group>"; };
		6072935728664212007FBD2F /* MaterialIcons.ttf */ = {isa = PBXFileReference; lastKnownFileType = file; path = MaterialIcons.ttf; sourceTree = "<group>"; };
		60729369286644C7007FBD2F /* Fontisto.ttf */ = {isa = PBXFileReference; lastKnownFileType = file; path = Fontisto.ttf; sourceTree = "<group>"; };
		6072936A286644C7007FBD2F /* Octicons.ttf */ = {isa = PBXFileReference; lastKnownFileType = file; path = Octicons.ttf; sourceTree = "<group>"; };
		6072936B286644C7007FBD2F /* Feather.ttf */ = {isa = PBXFileReference; lastKnownFileType = file; path = Feather.ttf; sourceTree = "<group>"; };
		6072936C286644C7007FBD2F /* Entypo.ttf */ = {isa = PBXFileReference; lastKnownFileType = file; path = Entypo.ttf; sourceTree = "<group>"; };
		6072936D286644C7007FBD2F /* FontAwesome5_Brands.ttf */ = {isa = PBXFileReference; lastKnownFileType = file; path = FontAwesome5_Brands.ttf; sourceTree = "<group>"; };
		6072936E286644C7007FBD2F /* MaterialCommunityIcons.ttf */ = {isa = PBXFileReference; lastKnownFileType = file; path = MaterialCommunityIcons.ttf; sourceTree = "<group>"; };
		6072936F286644C7007FBD2F /* AntDesign.ttf */ = {isa = PBXFileReference; lastKnownFileType = file; path = AntDesign.ttf; sourceTree = "<group>"; };
		60729370286644C7007FBD2F /* Foundation.ttf */ = {isa = PBXFileReference; lastKnownFileType = file; path = Foundation.ttf; sourceTree = "<group>"; };
		60729371286644C7007FBD2F /* Ionicons.ttf */ = {isa = PBXFileReference; lastKnownFileType = file; path = Ionicons.ttf; sourceTree = "<group>"; };
		60729372286644C7007FBD2F /* FontAwesome5_Solid.ttf */ = {isa = PBXFileReference; lastKnownFileType = file; path = FontAwesome5_Solid.ttf; sourceTree = "<group>"; };
		60729373286644C7007FBD2F /* FontAwesome5_Regular.ttf */ = {isa = PBXFileReference; lastKnownFileType = file; path = FontAwesome5_Regular.ttf; sourceTree = "<group>"; };
		60729374286644C7007FBD2F /* FontAwesome.ttf */ = {isa = PBXFileReference; lastKnownFileType = file; path = FontAwesome.ttf; sourceTree = "<group>"; };
		60729375286644C7007FBD2F /* Zocial.ttf */ = {isa = PBXFileReference; lastKnownFileType = file; path = Zocial.ttf; sourceTree = "<group>"; };
		60729376286644C7007FBD2F /* EvilIcons.ttf */ = {isa = PBXFileReference; lastKnownFileType = file; path = EvilIcons.ttf; sourceTree = "<group>"; };
		60729377286644C7007FBD2F /* SimpleLineIcons.ttf */ = {isa = PBXFileReference; lastKnownFileType = file; path = SimpleLineIcons.ttf; sourceTree = "<group>"; };
		60729378286644C7007FBD2F /* MaterialIcons.ttf */ = {isa = PBXFileReference; lastKnownFileType = file; path = MaterialIcons.ttf; sourceTree = "<group>"; };
		607C62F32913EBD400D0AE62 /* DynamicIslandBridge.m */ = {isa = PBXFileReference; fileEncoding = 4; lastKnownFileType = sourcecode.c.objc; name = DynamicIslandBridge.m; path = UMALL/DynamicIslandBridge.m; sourceTree = "<group>"; };
		607C62F42913EBD400D0AE62 /* DynamicIslandModule.swift */ = {isa = PBXFileReference; fileEncoding = 4; lastKnownFileType = sourcecode.swift; name = DynamicIslandModule.swift; path = UMALL/DynamicIslandModule.swift; sourceTree = "<group>"; };
		607C62FF2913EC5800D0AE62 /* UMBusReminderExtension.appex */ = {isa = PBXFileReference; explicitFileType = "wrapper.app-extension"; includeInIndex = 0; path = UMBusReminderExtension.appex; sourceTree = BUILT_PRODUCTS_DIR; };
		607C63002913EC5800D0AE62 /* WidgetKit.framework */ = {isa = PBXFileReference; lastKnownFileType = wrapper.framework; name = WidgetKit.framework; path = System/Library/Frameworks/WidgetKit.framework; sourceTree = SDKROOT; };
		607C63022913EC5800D0AE62 /* SwiftUI.framework */ = {isa = PBXFileReference; lastKnownFileType = wrapper.framework; name = SwiftUI.framework; path = System/Library/Frameworks/SwiftUI.framework; sourceTree = SDKROOT; };
		607C63072913EC5800D0AE62 /* UMBusReminder.swift */ = {isa = PBXFileReference; lastKnownFileType = sourcecode.swift; path = UMBusReminder.swift; sourceTree = "<group>"; };
		607C63092913EC5900D0AE62 /* Assets.xcassets */ = {isa = PBXFileReference; lastKnownFileType = folder.assetcatalog; path = Assets.xcassets; sourceTree = "<group>"; };
		607C630B2913EC5900D0AE62 /* Info.plist */ = {isa = PBXFileReference; lastKnownFileType = text.plist.xml; path = Info.plist; sourceTree = "<group>"; };
		607C63132913EDEA00D0AE62 /* RNDynamicIsland-Bridging-Header.h */ = {isa = PBXFileReference; lastKnownFileType = sourcecode.c.h; path = "RNDynamicIsland-Bridging-Header.h"; sourceTree = "<group>"; };
		607C63152913EE5D00D0AE62 /* ActivityAttributes.swift */ = {isa = PBXFileReference; fileEncoding = 4; lastKnownFileType = sourcecode.swift; name = ActivityAttributes.swift; path = UMALL/ActivityAttributes.swift; sourceTree = "<group>"; };
		81AB9BB72411601600AC10FF /* LaunchScreen.storyboard */ = {isa = PBXFileReference; fileEncoding = 4; lastKnownFileType = file.storyboard; name = LaunchScreen.storyboard; path = UMALL/LaunchScreen.storyboard; sourceTree = "<group>"; };
		89C6BE57DB24E9ADA2F236DE /* Pods-UMALL-UMALLTests.release.xcconfig */ = {isa = PBXFileReference; includeInIndex = 1; lastKnownFileType = text.xcconfig; name = "Pods-UMALL-UMALLTests.release.xcconfig"; path = "Target Support Files/Pods-UMALL-UMALLTests/Pods-UMALL-UMALLTests.release.xcconfig"; sourceTree = "<group>"; };
		ED297162215061F000B7C4FE /* JavaScriptCore.framework */ = {isa = PBXFileReference; lastKnownFileType = wrapper.framework; name = JavaScriptCore.framework; path = System/Library/Frameworks/JavaScriptCore.framework; sourceTree = SDKROOT; };
/* End PBXFileReference section */

/* Begin PBXFrameworksBuildPhase section */
		00E356EB1AD99517003FC87E /* Frameworks */ = {
			isa = PBXFrameworksBuildPhase;
			buildActionMask = 2147483647;
			files = (
				7699B88040F8A987B510C191 /* libPods-UMALL-UMALLTests.a in Frameworks */,
			);
			runOnlyForDeploymentPostprocessing = 0;
		};
		13B07F8C1A680F5B00A75B9A /* Frameworks */ = {
			isa = PBXFrameworksBuildPhase;
			buildActionMask = 2147483647;
			files = (
				0C80B921A6F3F58F76C31292 /* libPods-UMALL.a in Frameworks */,
			);
			runOnlyForDeploymentPostprocessing = 0;
		};
		607C62FC2913EC5800D0AE62 /* Frameworks */ = {
			isa = PBXFrameworksBuildPhase;
			buildActionMask = 2147483647;
			files = (
				607C63032913EC5800D0AE62 /* SwiftUI.framework in Frameworks */,
				607C63012913EC5800D0AE62 /* WidgetKit.framework in Frameworks */,
			);
			runOnlyForDeploymentPostprocessing = 0;
		};
/* End PBXFrameworksBuildPhase section */

/* Begin PBXGroup section */
		00E356EF1AD99517003FC87E /* UMALLTests */ = {
			isa = PBXGroup;
			children = (
				60729368286644C7007FBD2F /* Fonts */,
				00E356F21AD99517003FC87E /* UMALL.m */,
				00E356F01AD99517003FC87E /* Supporting Files */,
			);
			path = UMALLTests;
			sourceTree = "<group>";
		};
		00E356F01AD99517003FC87E /* Supporting Files */ = {
			isa = PBXGroup;
			children = (
				00E356F11AD99517003FC87E /* Info.plist */,
			);
			name = "Supporting Files";
			sourceTree = "<group>";
		};
		13B07FAE1A68108700A75B9A /* UMALL */ = {
			isa = PBXGroup;
			children = (
				604D241528B5EDB8008ECEAB /* UMALL.entitlements */,
				6072934728664212007FBD2F /* Fonts */,
				13B07FAF1A68108700A75B9A /* AppDelegate.h */,
				13B07FB01A68108700A75B9A /* AppDelegate.mm */,
				13B07FB51A68108700A75B9A /* Images.xcassets */,
				13B07FB61A68108700A75B9A /* Info.plist */,
				81AB9BB72411601600AC10FF /* LaunchScreen.storyboard */,
				13B07FB71A68108700A75B9A /* main.m */,
				607C63152913EE5D00D0AE62 /* ActivityAttributes.swift */,
				607C62F32913EBD400D0AE62 /* DynamicIslandBridge.m */,
				607C62F42913EBD400D0AE62 /* DynamicIslandModule.swift */,
				607C63132913EDEA00D0AE62 /* RNDynamicIsland-Bridging-Header.h */,
			);
			name = UMALL;
			sourceTree = "<group>";
		};
		2D16E6871FA4F8E400B85C8A /* Frameworks */ = {
			isa = PBXGroup;
			children = (
				ED297162215061F000B7C4FE /* JavaScriptCore.framework */,
				5DCACB8F33CDC322A6C60F78 /* libPods-UMALL.a */,
				19F6CBCC0A4E27FBF8BF4A61 /* libPods-UMALL-UMALLTests.a */,
				607C63002913EC5800D0AE62 /* WidgetKit.framework */,
				607C63022913EC5800D0AE62 /* SwiftUI.framework */,
			);
			name = Frameworks;
			sourceTree = "<group>";
		};
		6072934728664212007FBD2F /* Fonts */ = {
			isa = PBXGroup;
			children = (
				6072934828664212007FBD2F /* Fontisto.ttf */,
				6072934928664212007FBD2F /* Octicons.ttf */,
				6072934A28664212007FBD2F /* Feather.ttf */,
				6072934B28664212007FBD2F /* Entypo.ttf */,
				6072934C28664212007FBD2F /* FontAwesome5_Brands.ttf */,
				6072934D28664212007FBD2F /* MaterialCommunityIcons.ttf */,
				6072934E28664212007FBD2F /* AntDesign.ttf */,
				6072934F28664212007FBD2F /* Foundation.ttf */,
				6072935028664212007FBD2F /* Ionicons.ttf */,
				6072935128664212007FBD2F /* FontAwesome5_Solid.ttf */,
				6072935228664212007FBD2F /* FontAwesome5_Regular.ttf */,
				6072935328664212007FBD2F /* FontAwesome.ttf */,
				6072935428664212007FBD2F /* Zocial.ttf */,
				6072935528664212007FBD2F /* EvilIcons.ttf */,
				6072935628664212007FBD2F /* SimpleLineIcons.ttf */,
				6072935728664212007FBD2F /* MaterialIcons.ttf */,
			);
			name = Fonts;
			path = "../node_modules/react-native-vector-icons/Fonts";
			sourceTree = "<group>";
		};
		60729368286644C7007FBD2F /* Fonts */ = {
			isa = PBXGroup;
			children = (
				60729369286644C7007FBD2F /* Fontisto.ttf */,
				6072936A286644C7007FBD2F /* Octicons.ttf */,
				6072936B286644C7007FBD2F /* Feather.ttf */,
				6072936C286644C7007FBD2F /* Entypo.ttf */,
				6072936D286644C7007FBD2F /* FontAwesome5_Brands.ttf */,
				6072936E286644C7007FBD2F /* MaterialCommunityIcons.ttf */,
				6072936F286644C7007FBD2F /* AntDesign.ttf */,
				60729370286644C7007FBD2F /* Foundation.ttf */,
				60729371286644C7007FBD2F /* Ionicons.ttf */,
				60729372286644C7007FBD2F /* FontAwesome5_Solid.ttf */,
				60729373286644C7007FBD2F /* FontAwesome5_Regular.ttf */,
				60729374286644C7007FBD2F /* FontAwesome.ttf */,
				60729375286644C7007FBD2F /* Zocial.ttf */,
				60729376286644C7007FBD2F /* EvilIcons.ttf */,
				60729377286644C7007FBD2F /* SimpleLineIcons.ttf */,
				60729378286644C7007FBD2F /* MaterialIcons.ttf */,
			);
			name = Fonts;
			path = "../../node_modules/react-native-vector-icons/Fonts";
			sourceTree = "<group>";
		};
		607C63042913EC5800D0AE62 /* UMBusReminder */ = {
			isa = PBXGroup;
			children = (
				607C63072913EC5800D0AE62 /* UMBusReminder.swift */,
				607C63092913EC5900D0AE62 /* Assets.xcassets */,
				607C630B2913EC5900D0AE62 /* Info.plist */,
			);
			path = UMBusReminder;
			sourceTree = "<group>";
		};
		832341AE1AAA6A7D00B99B32 /* Libraries */ = {
			isa = PBXGroup;
			children = (
			);
			name = Libraries;
			sourceTree = "<group>";
		};
		83CBB9F61A601CBA00E9B192 = {
			isa = PBXGroup;
			children = (
				13B07FAE1A68108700A75B9A /* UMALL */,
				832341AE1AAA6A7D00B99B32 /* Libraries */,
				00E356EF1AD99517003FC87E /* UMALLTests */,
				607C63042913EC5800D0AE62 /* UMBusReminder */,
				83CBBA001A601CBA00E9B192 /* Products */,
				2D16E6871FA4F8E400B85C8A /* Frameworks */,
				BBD78D7AC51CEA395F1C20DB /* Pods */,
			);
			indentWidth = 2;
			sourceTree = "<group>";
			tabWidth = 2;
			usesTabs = 0;
		};
		83CBBA001A601CBA00E9B192 /* Products */ = {
			isa = PBXGroup;
			children = (
				13B07F961A680F5B00A75B9A /* UM ALL.app */,
				00E356EE1AD99517003FC87E /* UMALLTests.xctest */,
				607C62FF2913EC5800D0AE62 /* UMBusReminderExtension.appex */,
			);
			name = Products;
			sourceTree = "<group>";
		};
		BBD78D7AC51CEA395F1C20DB /* Pods */ = {
			isa = PBXGroup;
			children = (
				3B4392A12AC88292D35C810B /* Pods-UMALL.debug.xcconfig */,
				5709B34CF0A7D63546082F79 /* Pods-UMALL.release.xcconfig */,
				5B7EB9410499542E8C5724F5 /* Pods-UMALL-UMALLTests.debug.xcconfig */,
				89C6BE57DB24E9ADA2F236DE /* Pods-UMALL-UMALLTests.release.xcconfig */,
			);
			path = Pods;
			sourceTree = "<group>";
		};
/* End PBXGroup section */

/* Begin PBXNativeTarget section */
		00E356ED1AD99517003FC87E /* UMALLTests */ = {
			isa = PBXNativeTarget;
			buildConfigurationList = 00E357021AD99517003FC87E /* Build configuration list for PBXNativeTarget "UMALLTests" */;
			buildPhases = (
				A55EABD7B0C7F3A422A6CC61 /* [CP] Check Pods Manifest.lock */,
				00E356EA1AD99517003FC87E /* Sources */,
				00E356EB1AD99517003FC87E /* Frameworks */,
				00E356EC1AD99517003FC87E /* Resources */,
				C59DA0FBD6956966B86A3779 /* [CP] Embed Pods Frameworks */,
				F6A41C54EA430FDDC6A6ED99 /* [CP] Copy Pods Resources */,
			);
			buildRules = (
			);
			dependencies = (
				00E356F51AD99517003FC87E /* PBXTargetDependency */,
			);
			name = UMALLTests;
			productName = UMALLTests;
			productReference = 00E356EE1AD99517003FC87E /* UMALLTests.xctest */;
			productType = "com.apple.product-type.bundle.unit-test";
		};
		13B07F861A680F5B00A75B9A /* UMALL */ = {
			isa = PBXNativeTarget;
			buildConfigurationList = 13B07F931A680F5B00A75B9A /* Build configuration list for PBXNativeTarget "UMALL" */;
			buildPhases = (
				C38B50BA6285516D6DCD4F65 /* [CP] Check Pods Manifest.lock */,
				FD10A7F022414F080027D42C /* Start Packager */,
				13B07F871A680F5B00A75B9A /* Sources */,
				13B07F8C1A680F5B00A75B9A /* Frameworks */,
				13B07F8E1A680F5B00A75B9A /* Resources */,
				00DD1BFF1BD5951E006B06BC /* Bundle React Native code and images */,
				00EEFC60759A1932668264C0 /* [CP] Embed Pods Frameworks */,
				E235C05ADACE081382539298 /* [CP] Copy Pods Resources */,
				607C63122913EC5900D0AE62 /* Embed Foundation Extensions */,
			);
			buildRules = (
			);
			dependencies = (
				607C630D2913EC5900D0AE62 /* PBXTargetDependency */,
			);
			name = UMALL;
			productName = UMALL;
			productReference = 13B07F961A680F5B00A75B9A /* UM ALL.app */;
			productType = "com.apple.product-type.application";
		};
		607C62FE2913EC5800D0AE62 /* UMBusReminderExtension */ = {
			isa = PBXNativeTarget;
			buildConfigurationList = 607C630F2913EC5900D0AE62 /* Build configuration list for PBXNativeTarget "UMBusReminderExtension" */;
			buildPhases = (
				607C62FB2913EC5800D0AE62 /* Sources */,
				607C62FC2913EC5800D0AE62 /* Frameworks */,
				607C62FD2913EC5800D0AE62 /* Resources */,
			);
			buildRules = (
			);
			dependencies = (
			);
			name = UMBusReminderExtension;
			productName = UMBusReminderExtension;
			productReference = 607C62FF2913EC5800D0AE62 /* UMBusReminderExtension.appex */;
			productType = "com.apple.product-type.app-extension";
		};
/* End PBXNativeTarget section */

/* Begin PBXProject section */
		83CBB9F71A601CBA00E9B192 /* Project object */ = {
			isa = PBXProject;
			attributes = {
				LastSwiftUpdateCheck = 1410;
				LastUpgradeCheck = 1210;
				TargetAttributes = {
					00E356ED1AD99517003FC87E = {
						CreatedOnToolsVersion = 6.2;
						LastSwiftMigration = 1410;
						TestTargetID = 13B07F861A680F5B00A75B9A;
					};
					13B07F861A680F5B00A75B9A = {
						LastSwiftMigration = 1410;
					};
					607C62FE2913EC5800D0AE62 = {
						CreatedOnToolsVersion = 14.1;
					};
				};
			};
			buildConfigurationList = 83CBB9FA1A601CBA00E9B192 /* Build configuration list for PBXProject "UMALL" */;
			compatibilityVersion = "Xcode 12.0";
			developmentRegion = en;
			hasScannedForEncodings = 0;
			knownRegions = (
				en,
				Base,
			);
			mainGroup = 83CBB9F61A601CBA00E9B192;
			productRefGroup = 83CBBA001A601CBA00E9B192 /* Products */;
			projectDirPath = "";
			projectRoot = "";
			targets = (
				13B07F861A680F5B00A75B9A /* UMALL */,
				00E356ED1AD99517003FC87E /* UMALLTests */,
				607C62FE2913EC5800D0AE62 /* UMBusReminderExtension */,
			);
		};
/* End PBXProject section */

/* Begin PBXResourcesBuildPhase section */
		00E356EC1AD99517003FC87E /* Resources */ = {
			isa = PBXResourcesBuildPhase;
			buildActionMask = 2147483647;
			files = (
				6072937A286644C7007FBD2F /* Octicons.ttf in Resources */,
				60729380286644C7007FBD2F /* Foundation.ttf in Resources */,
				60729387286644C7007FBD2F /* SimpleLineIcons.ttf in Resources */,
				60729381286644C7007FBD2F /* Ionicons.ttf in Resources */,
				60729386286644C7007FBD2F /* EvilIcons.ttf in Resources */,
				60729383286644C7007FBD2F /* FontAwesome5_Regular.ttf in Resources */,
				60729385286644C7007FBD2F /* Zocial.ttf in Resources */,
				6072937C286644C7007FBD2F /* Entypo.ttf in Resources */,
				60729388286644C7007FBD2F /* MaterialIcons.ttf in Resources */,
				6072937F286644C7007FBD2F /* AntDesign.ttf in Resources */,
				60729382286644C7007FBD2F /* FontAwesome5_Solid.ttf in Resources */,
				60729379286644C7007FBD2F /* Fontisto.ttf in Resources */,
				6072937B286644C7007FBD2F /* Feather.ttf in Resources */,
				6072937E286644C7007FBD2F /* MaterialCommunityIcons.ttf in Resources */,
				6072937D286644C7007FBD2F /* FontAwesome5_Brands.ttf in Resources */,
				60729384286644C7007FBD2F /* FontAwesome.ttf in Resources */,
			);
			runOnlyForDeploymentPostprocessing = 0;
		};
		13B07F8E1A680F5B00A75B9A /* Resources */ = {
			isa = PBXResourcesBuildPhase;
			buildActionMask = 2147483647;
			files = (
				6072935828664212007FBD2F /* Fontisto.ttf in Resources */,
				6072936328664212007FBD2F /* FontAwesome.ttf in Resources */,
				6072935F28664212007FBD2F /* Foundation.ttf in Resources */,
				6072936228664212007FBD2F /* FontAwesome5_Regular.ttf in Resources */,
				6072936028664212007FBD2F /* Ionicons.ttf in Resources */,
				6072936528664212007FBD2F /* EvilIcons.ttf in Resources */,
				6072935B28664212007FBD2F /* Entypo.ttf in Resources */,
				81AB9BB82411601600AC10FF /* LaunchScreen.storyboard in Resources */,
				6072936428664212007FBD2F /* Zocial.ttf in Resources */,
				6072936628664212007FBD2F /* SimpleLineIcons.ttf in Resources */,
				6072935A28664212007FBD2F /* Feather.ttf in Resources */,
				6072935928664212007FBD2F /* Octicons.ttf in Resources */,
				6072935C28664212007FBD2F /* FontAwesome5_Brands.ttf in Resources */,
				6072935E28664212007FBD2F /* AntDesign.ttf in Resources */,
				6072936728664212007FBD2F /* MaterialIcons.ttf in Resources */,
				6072936128664212007FBD2F /* FontAwesome5_Solid.ttf in Resources */,
				6072935D28664212007FBD2F /* MaterialCommunityIcons.ttf in Resources */,
				13B07FBF1A68108700A75B9A /* Images.xcassets in Resources */,
			);
			runOnlyForDeploymentPostprocessing = 0;
		};
		607C62FD2913EC5800D0AE62 /* Resources */ = {
			isa = PBXResourcesBuildPhase;
			buildActionMask = 2147483647;
			files = (
				607C630A2913EC5900D0AE62 /* Assets.xcassets in Resources */,
			);
			runOnlyForDeploymentPostprocessing = 0;
		};
/* End PBXResourcesBuildPhase section */

/* Begin PBXShellScriptBuildPhase section */
		00DD1BFF1BD5951E006B06BC /* Bundle React Native code and images */ = {
			isa = PBXShellScriptBuildPhase;
			buildActionMask = 2147483647;
			files = (
			);
			inputPaths = (
			);
			name = "Bundle React Native code and images";
			outputPaths = (
			);
			runOnlyForDeploymentPostprocessing = 0;
			shellPath = /bin/sh;
			shellScript = "set -e\n\nexport NODE_BINARY=node\n../node_modules/react-native/scripts/react-native-xcode.sh\n";
		};
		00EEFC60759A1932668264C0 /* [CP] Embed Pods Frameworks */ = {
			isa = PBXShellScriptBuildPhase;
			buildActionMask = 2147483647;
			files = (
			);
			inputFileListPaths = (
				"${PODS_ROOT}/Target Support Files/Pods-UMALL/Pods-UMALL-frameworks-${CONFIGURATION}-input-files.xcfilelist",
			);
			name = "[CP] Embed Pods Frameworks";
			outputFileListPaths = (
				"${PODS_ROOT}/Target Support Files/Pods-UMALL/Pods-UMALL-frameworks-${CONFIGURATION}-output-files.xcfilelist",
			);
			runOnlyForDeploymentPostprocessing = 0;
			shellPath = /bin/sh;
			shellScript = "\"${PODS_ROOT}/Target Support Files/Pods-UMALL/Pods-UMALL-frameworks.sh\"\n";
			showEnvVarsInLog = 0;
		};
		A55EABD7B0C7F3A422A6CC61 /* [CP] Check Pods Manifest.lock */ = {
			isa = PBXShellScriptBuildPhase;
			buildActionMask = 2147483647;
			files = (
			);
			inputFileListPaths = (
			);
			inputPaths = (
				"${PODS_PODFILE_DIR_PATH}/Podfile.lock",
				"${PODS_ROOT}/Manifest.lock",
			);
			name = "[CP] Check Pods Manifest.lock";
			outputFileListPaths = (
			);
			outputPaths = (
				"$(DERIVED_FILE_DIR)/Pods-UMALL-UMALLTests-checkManifestLockResult.txt",
			);
			runOnlyForDeploymentPostprocessing = 0;
			shellPath = /bin/sh;
			shellScript = "diff \"${PODS_PODFILE_DIR_PATH}/Podfile.lock\" \"${PODS_ROOT}/Manifest.lock\" > /dev/null\nif [ $? != 0 ] ; then\n    # print error to STDERR\n    echo \"error: The sandbox is not in sync with the Podfile.lock. Run 'pod install' or update your CocoaPods installation.\" >&2\n    exit 1\nfi\n# This output is used by Xcode 'outputs' to avoid re-running this script phase.\necho \"SUCCESS\" > \"${SCRIPT_OUTPUT_FILE_0}\"\n";
			showEnvVarsInLog = 0;
		};
		C38B50BA6285516D6DCD4F65 /* [CP] Check Pods Manifest.lock */ = {
			isa = PBXShellScriptBuildPhase;
			buildActionMask = 2147483647;
			files = (
			);
			inputFileListPaths = (
			);
			inputPaths = (
				"${PODS_PODFILE_DIR_PATH}/Podfile.lock",
				"${PODS_ROOT}/Manifest.lock",
			);
			name = "[CP] Check Pods Manifest.lock";
			outputFileListPaths = (
			);
			outputPaths = (
				"$(DERIVED_FILE_DIR)/Pods-UMALL-checkManifestLockResult.txt",
			);
			runOnlyForDeploymentPostprocessing = 0;
			shellPath = /bin/sh;
			shellScript = "diff \"${PODS_PODFILE_DIR_PATH}/Podfile.lock\" \"${PODS_ROOT}/Manifest.lock\" > /dev/null\nif [ $? != 0 ] ; then\n    # print error to STDERR\n    echo \"error: The sandbox is not in sync with the Podfile.lock. Run 'pod install' or update your CocoaPods installation.\" >&2\n    exit 1\nfi\n# This output is used by Xcode 'outputs' to avoid re-running this script phase.\necho \"SUCCESS\" > \"${SCRIPT_OUTPUT_FILE_0}\"\n";
			showEnvVarsInLog = 0;
		};
		C59DA0FBD6956966B86A3779 /* [CP] Embed Pods Frameworks */ = {
			isa = PBXShellScriptBuildPhase;
			buildActionMask = 2147483647;
			files = (
			);
			inputFileListPaths = (
				"${PODS_ROOT}/Target Support Files/Pods-UMALL-UMALLTests/Pods-UMALL-UMALLTests-frameworks-${CONFIGURATION}-input-files.xcfilelist",
			);
			name = "[CP] Embed Pods Frameworks";
			outputFileListPaths = (
				"${PODS_ROOT}/Target Support Files/Pods-UMALL-UMALLTests/Pods-UMALL-UMALLTests-frameworks-${CONFIGURATION}-output-files.xcfilelist",
			);
			runOnlyForDeploymentPostprocessing = 0;
			shellPath = /bin/sh;
			shellScript = "\"${PODS_ROOT}/Target Support Files/Pods-UMALL-UMALLTests/Pods-UMALL-UMALLTests-frameworks.sh\"\n";
			showEnvVarsInLog = 0;
		};
		E235C05ADACE081382539298 /* [CP] Copy Pods Resources */ = {
			isa = PBXShellScriptBuildPhase;
			buildActionMask = 2147483647;
			files = (
			);
			inputFileListPaths = (
				"${PODS_ROOT}/Target Support Files/Pods-UMALL/Pods-UMALL-resources-${CONFIGURATION}-input-files.xcfilelist",
			);
			name = "[CP] Copy Pods Resources";
			outputFileListPaths = (
				"${PODS_ROOT}/Target Support Files/Pods-UMALL/Pods-UMALL-resources-${CONFIGURATION}-output-files.xcfilelist",
			);
			runOnlyForDeploymentPostprocessing = 0;
			shellPath = /bin/sh;
			shellScript = "\"${PODS_ROOT}/Target Support Files/Pods-UMALL/Pods-UMALL-resources.sh\"\n";
			showEnvVarsInLog = 0;
		};
		F6A41C54EA430FDDC6A6ED99 /* [CP] Copy Pods Resources */ = {
			isa = PBXShellScriptBuildPhase;
			buildActionMask = 2147483647;
			files = (
			);
			inputFileListPaths = (
				"${PODS_ROOT}/Target Support Files/Pods-UMALL-UMALLTests/Pods-UMALL-UMALLTests-resources-${CONFIGURATION}-input-files.xcfilelist",
			);
			name = "[CP] Copy Pods Resources";
			outputFileListPaths = (
				"${PODS_ROOT}/Target Support Files/Pods-UMALL-UMALLTests/Pods-UMALL-UMALLTests-resources-${CONFIGURATION}-output-files.xcfilelist",
			);
			runOnlyForDeploymentPostprocessing = 0;
			shellPath = /bin/sh;
			shellScript = "\"${PODS_ROOT}/Target Support Files/Pods-UMALL-UMALLTests/Pods-UMALL-UMALLTests-resources.sh\"\n";
			showEnvVarsInLog = 0;
		};
		FD10A7F022414F080027D42C /* Start Packager */ = {
			isa = PBXShellScriptBuildPhase;
			buildActionMask = 2147483647;
			files = (
			);
			inputFileListPaths = (
			);
			inputPaths = (
			);
			name = "Start Packager";
			outputFileListPaths = (
			);
			outputPaths = (
			);
			runOnlyForDeploymentPostprocessing = 0;
			shellPath = /bin/sh;
			shellScript = "export RCT_METRO_PORT=\"${RCT_METRO_PORT:=8081}\"\necho \"export RCT_METRO_PORT=${RCT_METRO_PORT}\" > \"${SRCROOT}/../node_modules/react-native/scripts/.packager.env\"\nif [ -z \"${RCT_NO_LAUNCH_PACKAGER+xxx}\" ] ; then\n  if nc -w 5 -z localhost ${RCT_METRO_PORT} ; then\n    if ! curl -s \"http://localhost:${RCT_METRO_PORT}/status\" | grep -q \"packager-status:running\" ; then\n      echo \"Port ${RCT_METRO_PORT} already in use, packager is either not running or not running correctly\"\n      exit 2\n    fi\n  else\n    open \"$SRCROOT/../node_modules/react-native/scripts/launchPackager.command\" || echo \"Can't start packager automatically\"\n  fi\nfi\n";
			showEnvVarsInLog = 0;
		};
/* End PBXShellScriptBuildPhase section */

/* Begin PBXSourcesBuildPhase section */
		00E356EA1AD99517003FC87E /* Sources */ = {
			isa = PBXSourcesBuildPhase;
			buildActionMask = 2147483647;
			files = (
				00E356F31AD99517003FC87E /* UMALL.m in Sources */,
				607C63172913EE5D00D0AE62 /* ActivityAttributes.swift in Sources */,
			);
			runOnlyForDeploymentPostprocessing = 0;
		};
		13B07F871A680F5B00A75B9A /* Sources */ = {
			isa = PBXSourcesBuildPhase;
			buildActionMask = 2147483647;
			files = (
				607C62F52913EBD400D0AE62 /* DynamicIslandBridge.m in Sources */,
				13B07FBC1A68108700A75B9A /* AppDelegate.mm in Sources */,
				607C63162913EE5D00D0AE62 /* ActivityAttributes.swift in Sources */,
				607C62F62913EBD400D0AE62 /* DynamicIslandModule.swift in Sources */,
				13B07FC11A68108700A75B9A /* main.m in Sources */,
			);
			runOnlyForDeploymentPostprocessing = 0;
		};
		607C62FB2913EC5800D0AE62 /* Sources */ = {
			isa = PBXSourcesBuildPhase;
			buildActionMask = 2147483647;
			files = (
				607C63082913EC5800D0AE62 /* UMBusReminder.swift in Sources */,
				607C63182913EE5D00D0AE62 /* ActivityAttributes.swift in Sources */,
			);
			runOnlyForDeploymentPostprocessing = 0;
		};
/* End PBXSourcesBuildPhase section */

/* Begin PBXTargetDependency section */
		00E356F51AD99517003FC87E /* PBXTargetDependency */ = {
			isa = PBXTargetDependency;
			target = 13B07F861A680F5B00A75B9A /* UMALL */;
			targetProxy = 00E356F41AD99517003FC87E /* PBXContainerItemProxy */;
		};
		607C630D2913EC5900D0AE62 /* PBXTargetDependency */ = {
			isa = PBXTargetDependency;
			target = 607C62FE2913EC5800D0AE62 /* UMBusReminderExtension */;
			targetProxy = 607C630C2913EC5900D0AE62 /* PBXContainerItemProxy */;
		};
/* End PBXTargetDependency section */

/* Begin XCBuildConfiguration section */
		00E356F61AD99517003FC87E /* Debug */ = {
			isa = XCBuildConfiguration;
			baseConfigurationReference = 5B7EB9410499542E8C5724F5 /* Pods-UMALL-UMALLTests.debug.xcconfig */;
			buildSettings = {
				ALWAYS_EMBED_SWIFT_STANDARD_LIBRARIES = YES;
				BUNDLE_LOADER = "$(TEST_HOST)";
				CLANG_ENABLE_MODULES = YES;
				DEVELOPMENT_TEAM = UVSHNJYJWU;
				GCC_PREPROCESSOR_DEFINITIONS = (
					"DEBUG=1",
					"$(inherited)",
				);
				INFOPLIST_FILE = UMALLTests/Info.plist;
				IPHONEOS_DEPLOYMENT_TARGET = 11.0;
				LD_RUNPATH_SEARCH_PATHS = (
					"$(inherited)",
					"@executable_path/Frameworks",
					"@loader_path/Frameworks",
				);
				OTHER_LDFLAGS = (
					"-ObjC",
					"-lc++",
					"$(inherited)",
				);
				PRODUCT_BUNDLE_IDENTIFIER = one.umall;
				PRODUCT_NAME = "$(TARGET_NAME)";
				SWIFT_OPTIMIZATION_LEVEL = "-Onone";
				SWIFT_VERSION = 5.0;
				TEST_HOST = "$(BUILT_PRODUCTS_DIR)/UMALL.app/UMALL";
			};
			name = Debug;
		};
		00E356F71AD99517003FC87E /* Release */ = {
			isa = XCBuildConfiguration;
			baseConfigurationReference = 89C6BE57DB24E9ADA2F236DE /* Pods-UMALL-UMALLTests.release.xcconfig */;
			buildSettings = {
				ALWAYS_EMBED_SWIFT_STANDARD_LIBRARIES = YES;
				BUNDLE_LOADER = "$(TEST_HOST)";
				CLANG_ENABLE_MODULES = YES;
				COPY_PHASE_STRIP = NO;
				DEVELOPMENT_TEAM = UVSHNJYJWU;
				INFOPLIST_FILE = UMALLTests/Info.plist;
				IPHONEOS_DEPLOYMENT_TARGET = 11.0;
				LD_RUNPATH_SEARCH_PATHS = (
					"$(inherited)",
					"@executable_path/Frameworks",
					"@loader_path/Frameworks",
				);
				OTHER_LDFLAGS = (
					"-ObjC",
					"-lc++",
					"$(inherited)",
				);
				PRODUCT_BUNDLE_IDENTIFIER = one.umall;
				PRODUCT_NAME = "$(TARGET_NAME)";
				SWIFT_VERSION = 5.0;
				TEST_HOST = "$(BUILT_PRODUCTS_DIR)/UMALL.app/UMALL";
			};
			name = Release;
		};
		13B07F941A680F5B00A75B9A /* Debug */ = {
			isa = XCBuildConfiguration;
			baseConfigurationReference = 3B4392A12AC88292D35C810B /* Pods-UMALL.debug.xcconfig */;
			buildSettings = {
				ALWAYS_EMBED_SWIFT_STANDARD_LIBRARIES = YES;
				ASSETCATALOG_COMPILER_APPICON_NAME = AppIcon;
				CLANG_ENABLE_MODULES = YES;
				CODE_SIGN_ENTITLEMENTS = UMALL/UMALL.entitlements;
				CODE_SIGN_IDENTITY = "Apple Development";
				CURRENT_PROJECT_VERSION = 1.5.0;
				DEVELOPMENT_TEAM = UVSHNJYJWU;
				ENABLE_BITCODE = NO;
				INFOPLIST_FILE = UMALL/Info.plist;
				IPHONEOS_DEPLOYMENT_TARGET = 13.0;
				LD_RUNPATH_SEARCH_PATHS = (
					"$(inherited)",
					"@executable_path/Frameworks",
				);
				MARKETING_VERSION = 1.5.0;
				OTHER_LDFLAGS = (
					"$(inherited)",
					"-ObjC",
					"-lc++",
				);
				PRODUCT_BUNDLE_IDENTIFIER = one.umall;
				PRODUCT_NAME = "UM ALL";
				SUPPORTED_PLATFORMS = "iphoneos iphonesimulator";
				SUPPORTS_MACCATALYST = NO;
				SUPPORTS_MAC_DESIGNED_FOR_IPHONE_IPAD = YES;
				SWIFT_OPTIMIZATION_LEVEL = "-Onone";
				SWIFT_VERSION = 5.0;
				TARGETED_DEVICE_FAMILY = "1,2";
				VERSIONING_SYSTEM = "apple-generic";
			};
			name = Debug;
		};
		13B07F951A680F5B00A75B9A /* Release */ = {
			isa = XCBuildConfiguration;
			baseConfigurationReference = 5709B34CF0A7D63546082F79 /* Pods-UMALL.release.xcconfig */;
			buildSettings = {
				ALWAYS_EMBED_SWIFT_STANDARD_LIBRARIES = YES;
				ASSETCATALOG_COMPILER_APPICON_NAME = AppIcon;
				CLANG_ENABLE_MODULES = YES;
				CODE_SIGN_ENTITLEMENTS = UMALL/UMALL.entitlements;
				CODE_SIGN_IDENTITY = "Apple Development";
				"CODE_SIGN_IDENTITY[sdk=iphoneos*]" = "Apple Development";
				CURRENT_PROJECT_VERSION = 1.5.0;
				DEVELOPMENT_TEAM = UVSHNJYJWU;
				INFOPLIST_FILE = UMALL/Info.plist;
				IPHONEOS_DEPLOYMENT_TARGET = 13.0;
				LD_RUNPATH_SEARCH_PATHS = (
					"$(inherited)",
					"@executable_path/Frameworks",
				);
				MARKETING_VERSION = 1.5.0;
				OTHER_LDFLAGS = (
					"$(inherited)",
					"-ObjC",
					"-lc++",
				);
				PRODUCT_BUNDLE_IDENTIFIER = one.umall;
				PRODUCT_NAME = "UM ALL";
				SUPPORTED_PLATFORMS = "iphoneos iphonesimulator";
				SUPPORTS_MACCATALYST = NO;
				SUPPORTS_MAC_DESIGNED_FOR_IPHONE_IPAD = YES;
				SWIFT_VERSION = 5.0;
				TARGETED_DEVICE_FAMILY = "1,2";
				VERSIONING_SYSTEM = "apple-generic";
			};
			name = Release;
		};
		607C63102913EC5900D0AE62 /* Debug */ = {
			isa = XCBuildConfiguration;
			buildSettings = {
				ASSETCATALOG_COMPILER_GLOBAL_ACCENT_COLOR_NAME = AccentColor;
				ASSETCATALOG_COMPILER_WIDGET_BACKGROUND_COLOR_NAME = WidgetBackground;
				CLANG_ANALYZER_NONNULL = YES;
				CLANG_ANALYZER_NUMBER_OBJECT_CONVERSION = YES_AGGRESSIVE;
				CLANG_CXX_LANGUAGE_STANDARD = "gnu++20";
				CLANG_ENABLE_OBJC_WEAK = YES;
				CLANG_WARN_DOCUMENTATION_COMMENTS = YES;
				CLANG_WARN_UNGUARDED_AVAILABILITY = YES_AGGRESSIVE;
				CODE_SIGN_IDENTITY = "Apple Development";
				CODE_SIGN_STYLE = Automatic;
				CURRENT_PROJECT_VERSION = 1;
				DEBUG_INFORMATION_FORMAT = dwarf;
				DEVELOPMENT_TEAM = UVSHNJYJWU;
				GCC_C_LANGUAGE_STANDARD = gnu11;
				GENERATE_INFOPLIST_FILE = YES;
				INFOPLIST_FILE = UMBusReminder/Info.plist;
				INFOPLIST_KEY_CFBundleDisplayName = UMBusReminder;
				INFOPLIST_KEY_NSHumanReadableCopyright = "";
				IPHONEOS_DEPLOYMENT_TARGET = 16.1;
				LD_RUNPATH_SEARCH_PATHS = (
					"$(inherited)",
					"@executable_path/Frameworks",
					"@executable_path/../../Frameworks",
				);
				MARKETING_VERSION = 1.0;
				MTL_ENABLE_DEBUG_INFO = INCLUDE_SOURCE;
				MTL_FAST_MATH = YES;
				PRODUCT_BUNDLE_IDENTIFIER = one.umall.UMBusReminder;
				PRODUCT_NAME = "$(TARGET_NAME)";
				SKIP_INSTALL = YES;
				SWIFT_ACTIVE_COMPILATION_CONDITIONS = DEBUG;
				SWIFT_EMIT_LOC_STRINGS = YES;
				SWIFT_OPTIMIZATION_LEVEL = "-Onone";
				SWIFT_VERSION = 5.0;
				TARGETED_DEVICE_FAMILY = "1,2";
			};
			name = Debug;
		};
		607C63112913EC5900D0AE62 /* Release */ = {
			isa = XCBuildConfiguration;
			buildSettings = {
				ASSETCATALOG_COMPILER_GLOBAL_ACCENT_COLOR_NAME = AccentColor;
				ASSETCATALOG_COMPILER_WIDGET_BACKGROUND_COLOR_NAME = WidgetBackground;
				CLANG_ANALYZER_NONNULL = YES;
				CLANG_ANALYZER_NUMBER_OBJECT_CONVERSION = YES_AGGRESSIVE;
				CLANG_CXX_LANGUAGE_STANDARD = "gnu++20";
				CLANG_ENABLE_OBJC_WEAK = YES;
				CLANG_WARN_DOCUMENTATION_COMMENTS = YES;
				CLANG_WARN_UNGUARDED_AVAILABILITY = YES_AGGRESSIVE;
				CODE_SIGN_IDENTITY = "Apple Development";
				"CODE_SIGN_IDENTITY[sdk=iphoneos*]" = "Apple Development";
				CODE_SIGN_STYLE = Automatic;
				COPY_PHASE_STRIP = NO;
				CURRENT_PROJECT_VERSION = 1;
				DEBUG_INFORMATION_FORMAT = "dwarf-with-dsym";
				DEVELOPMENT_TEAM = UVSHNJYJWU;
				GCC_C_LANGUAGE_STANDARD = gnu11;
				GENERATE_INFOPLIST_FILE = YES;
				INFOPLIST_FILE = UMBusReminder/Info.plist;
				INFOPLIST_KEY_CFBundleDisplayName = UMBusReminder;
				INFOPLIST_KEY_NSHumanReadableCopyright = "";
				IPHONEOS_DEPLOYMENT_TARGET = 16.1;
				LD_RUNPATH_SEARCH_PATHS = (
					"$(inherited)",
					"@executable_path/Frameworks",
					"@executable_path/../../Frameworks",
				);
				MARKETING_VERSION = 1.0;
				MTL_FAST_MATH = YES;
				PRODUCT_BUNDLE_IDENTIFIER = one.umall.UMBusReminder;
				PRODUCT_NAME = "$(TARGET_NAME)";
				SKIP_INSTALL = YES;
				SWIFT_COMPILATION_MODE = wholemodule;
				SWIFT_EMIT_LOC_STRINGS = YES;
				SWIFT_OPTIMIZATION_LEVEL = "-O";
				SWIFT_VERSION = 5.0;
				TARGETED_DEVICE_FAMILY = "1,2";
			};
			name = Release;
		};
		83CBBA201A601CBA00E9B192 /* Debug */ = {
			isa = XCBuildConfiguration;
			buildSettings = {
				ALWAYS_SEARCH_USER_PATHS = NO;
				CLANG_ANALYZER_LOCALIZABILITY_NONLOCALIZED = YES;
				CLANG_CXX_LANGUAGE_STANDARD = "c++17";
				CLANG_CXX_LIBRARY = "libc++";
				CLANG_ENABLE_MODULES = YES;
				CLANG_ENABLE_OBJC_ARC = YES;
				CLANG_WARN_BLOCK_CAPTURE_AUTORELEASING = YES;
				CLANG_WARN_BOOL_CONVERSION = YES;
				CLANG_WARN_COMMA = YES;
				CLANG_WARN_CONSTANT_CONVERSION = YES;
				CLANG_WARN_DEPRECATED_OBJC_IMPLEMENTATIONS = YES;
				CLANG_WARN_DIRECT_OBJC_ISA_USAGE = YES_ERROR;
				CLANG_WARN_EMPTY_BODY = YES;
				CLANG_WARN_ENUM_CONVERSION = YES;
				CLANG_WARN_INFINITE_RECURSION = YES;
				CLANG_WARN_INT_CONVERSION = YES;
				CLANG_WARN_NON_LITERAL_NULL_CONVERSION = YES;
				CLANG_WARN_OBJC_IMPLICIT_RETAIN_SELF = YES;
				CLANG_WARN_OBJC_LITERAL_CONVERSION = YES;
				CLANG_WARN_OBJC_ROOT_CLASS = YES_ERROR;
				CLANG_WARN_QUOTED_INCLUDE_IN_FRAMEWORK_HEADER = YES;
				CLANG_WARN_RANGE_LOOP_ANALYSIS = YES;
				CLANG_WARN_STRICT_PROTOTYPES = YES;
				CLANG_WARN_SUSPICIOUS_MOVE = YES;
				CLANG_WARN_UNREACHABLE_CODE = YES;
				CLANG_WARN__DUPLICATE_METHOD_MATCH = YES;
				"CODE_SIGN_IDENTITY[sdk=iphoneos*]" = "iPhone Developer";
				COPY_PHASE_STRIP = NO;
				ENABLE_STRICT_OBJC_MSGSEND = YES;
				ENABLE_TESTABILITY = YES;
				"EXCLUDED_ARCHS[sdk=iphonesimulator*]" = "";
				GCC_C_LANGUAGE_STANDARD = gnu99;
				GCC_DYNAMIC_NO_PIC = NO;
				GCC_NO_COMMON_BLOCKS = YES;
				GCC_OPTIMIZATION_LEVEL = 0;
				GCC_PREPROCESSOR_DEFINITIONS = (
					"DEBUG=1",
					"$(inherited)",
				);
				GCC_SYMBOLS_PRIVATE_EXTERN = NO;
				GCC_WARN_64_TO_32_BIT_CONVERSION = YES;
				GCC_WARN_ABOUT_RETURN_TYPE = YES_ERROR;
				GCC_WARN_UNDECLARED_SELECTOR = YES;
				GCC_WARN_UNINITIALIZED_AUTOS = YES_AGGRESSIVE;
				GCC_WARN_UNUSED_FUNCTION = YES;
				GCC_WARN_UNUSED_VARIABLE = YES;
				IPHONEOS_DEPLOYMENT_TARGET = 11.0;
				LD_RUNPATH_SEARCH_PATHS = (
					/usr/lib/swift,
					"$(inherited)",
				);
				LIBRARY_SEARCH_PATHS = (
					"\"$(SDKROOT)/usr/lib/swift\"",
					"\"$(TOOLCHAIN_DIR)/usr/lib/swift/$(PLATFORM_NAME)\"",
					"\"$(inherited)\"",
				);
				MTL_ENABLE_DEBUG_INFO = YES;
				ONLY_ACTIVE_ARCH = YES;
				OTHER_CPLUSPLUSFLAGS = (
					"$(OTHER_CFLAGS)",
					"-DFOLLY_NO_CONFIG",
					"-DFOLLY_MOBILE=1",
					"-DFOLLY_USE_LIBCPP=1",
				);
				SDKROOT = iphoneos;
			};
			name = Debug;
		};
		83CBBA211A601CBA00E9B192 /* Release */ = {
			isa = XCBuildConfiguration;
			buildSettings = {
				ALWAYS_SEARCH_USER_PATHS = NO;
				CLANG_ANALYZER_LOCALIZABILITY_NONLOCALIZED = YES;
				CLANG_CXX_LANGUAGE_STANDARD = "c++17";
				CLANG_CXX_LIBRARY = "libc++";
				CLANG_ENABLE_MODULES = YES;
				CLANG_ENABLE_OBJC_ARC = YES;
				CLANG_WARN_BLOCK_CAPTURE_AUTORELEASING = YES;
				CLANG_WARN_BOOL_CONVERSION = YES;
				CLANG_WARN_COMMA = YES;
				CLANG_WARN_CONSTANT_CONVERSION = YES;
				CLANG_WARN_DEPRECATED_OBJC_IMPLEMENTATIONS = YES;
				CLANG_WARN_DIRECT_OBJC_ISA_USAGE = YES_ERROR;
				CLANG_WARN_EMPTY_BODY = YES;
				CLANG_WARN_ENUM_CONVERSION = YES;
				CLANG_WARN_INFINITE_RECURSION = YES;
				CLANG_WARN_INT_CONVERSION = YES;
				CLANG_WARN_NON_LITERAL_NULL_CONVERSION = YES;
				CLANG_WARN_OBJC_IMPLICIT_RETAIN_SELF = YES;
				CLANG_WARN_OBJC_LITERAL_CONVERSION = YES;
				CLANG_WARN_OBJC_ROOT_CLASS = YES_ERROR;
				CLANG_WARN_QUOTED_INCLUDE_IN_FRAMEWORK_HEADER = YES;
				CLANG_WARN_RANGE_LOOP_ANALYSIS = YES;
				CLANG_WARN_STRICT_PROTOTYPES = YES;
				CLANG_WARN_SUSPICIOUS_MOVE = YES;
				CLANG_WARN_UNREACHABLE_CODE = YES;
				CLANG_WARN__DUPLICATE_METHOD_MATCH = YES;
				"CODE_SIGN_IDENTITY[sdk=iphoneos*]" = "iPhone Developer";
				COPY_PHASE_STRIP = YES;
				ENABLE_NS_ASSERTIONS = NO;
				ENABLE_STRICT_OBJC_MSGSEND = YES;
				"EXCLUDED_ARCHS[sdk=iphonesimulator*]" = "";
				GCC_C_LANGUAGE_STANDARD = gnu99;
				GCC_NO_COMMON_BLOCKS = YES;
				GCC_WARN_64_TO_32_BIT_CONVERSION = YES;
				GCC_WARN_ABOUT_RETURN_TYPE = YES_ERROR;
				GCC_WARN_UNDECLARED_SELECTOR = YES;
				GCC_WARN_UNINITIALIZED_AUTOS = YES_AGGRESSIVE;
				GCC_WARN_UNUSED_FUNCTION = YES;
				GCC_WARN_UNUSED_VARIABLE = YES;
				IPHONEOS_DEPLOYMENT_TARGET = 11.0;
				LD_RUNPATH_SEARCH_PATHS = (
					/usr/lib/swift,
					"$(inherited)",
				);
				LIBRARY_SEARCH_PATHS = (
					"\"$(SDKROOT)/usr/lib/swift\"",
					"\"$(TOOLCHAIN_DIR)/usr/lib/swift/$(PLATFORM_NAME)\"",
					"\"$(inherited)\"",
				);
				MTL_ENABLE_DEBUG_INFO = NO;
				OTHER_CPLUSPLUSFLAGS = (
					"$(OTHER_CFLAGS)",
					"-DFOLLY_NO_CONFIG",
					"-DFOLLY_MOBILE=1",
					"-DFOLLY_USE_LIBCPP=1",
				);
				SDKROOT = iphoneos;
				VALIDATE_PRODUCT = YES;
			};
			name = Release;
		};
/* End XCBuildConfiguration section */

/* Begin XCConfigurationList section */
		00E357021AD99517003FC87E /* Build configuration list for PBXNativeTarget "UMALLTests" */ = {
			isa = XCConfigurationList;
			buildConfigurations = (
				00E356F61AD99517003FC87E /* Debug */,
				00E356F71AD99517003FC87E /* Release */,
			);
			defaultConfigurationIsVisible = 0;
			defaultConfigurationName = Release;
		};
		13B07F931A680F5B00A75B9A /* Build configuration list for PBXNativeTarget "UMALL" */ = {
			isa = XCConfigurationList;
			buildConfigurations = (
				13B07F941A680F5B00A75B9A /* Debug */,
				13B07F951A680F5B00A75B9A /* Release */,
			);
			defaultConfigurationIsVisible = 0;
			defaultConfigurationName = Release;
		};
		607C630F2913EC5900D0AE62 /* Build configuration list for PBXNativeTarget "UMBusReminderExtension" */ = {
			isa = XCConfigurationList;
			buildConfigurations = (
				607C63102913EC5900D0AE62 /* Debug */,
				607C63112913EC5900D0AE62 /* Release */,
			);
			defaultConfigurationIsVisible = 0;
			defaultConfigurationName = Release;
		};
		83CBB9FA1A601CBA00E9B192 /* Build configuration list for PBXProject "UMALL" */ = {
			isa = XCConfigurationList;
			buildConfigurations = (
				83CBBA201A601CBA00E9B192 /* Debug */,
				83CBBA211A601CBA00E9B192 /* Release */,
			);
			defaultConfigurationIsVisible = 0;
			defaultConfigurationName = Release;
		};
/* End XCConfigurationList section */
	};
	rootObject = 83CBB9F71A601CBA00E9B192 /* Project object */;
}
