PODS:
  - boost (1.76.0)
  - BVLinearGradient (2.8.3):
    - React-Core
  - DoubleConversion (1.1.6)
  - FBLazyVector (0.68.2)
  - FBReactNativeSpec (0.68.2):
    - RCT-Folly (= 2021.06.28.00-v2)
    - RCTRequired (= 0.68.2)
    - RCTTypeSafety (= 0.68.2)
    - React-Core (= 0.68.2)
    - React-jsi (= 0.68.2)
    - ReactCommon/turbomodule/core (= 0.68.2)
  - Firebase/Analytics (10.19.0):
    - Firebase/Core
  - Firebase/Core (10.19.0):
    - Firebase/CoreOnly
    - FirebaseAnalytics (~> 10.19.0)
  - Firebase/CoreOnly (10.19.0):
    - FirebaseCore (= 10.19.0)
  - FirebaseAnalytics (10.19.0):
    - FirebaseAnalytics/AdIdSupport (= 10.19.0)
    - FirebaseCore (~> 10.0)
    - FirebaseInstallations (~> 10.0)
    - GoogleUtilities/AppDelegateSwizzler (~> 7.11)
    - GoogleUtilities/MethodSwizzler (~> 7.11)
    - GoogleUtilities/Network (~> 7.11)
    - "GoogleUtilities/NSData+zlib (~> 7.11)"
    - nanopb (< 2.30910.0, >= 2.30908.0)
  - FirebaseAnalytics/AdIdSupport (10.19.0):
    - FirebaseCore (~> 10.0)
    - FirebaseInstallations (~> 10.0)
    - GoogleAppMeasurement (= 10.19.0)
    - GoogleUtilities/AppDelegateSwizzler (~> 7.11)
    - GoogleUtilities/MethodSwizzler (~> 7.11)
    - GoogleUtilities/Network (~> 7.11)
    - "GoogleUtilities/NSData+zlib (~> 7.11)"
    - nanopb (< 2.30910.0, >= 2.30908.0)
  - FirebaseCore (10.19.0):
    - FirebaseCoreInternal (~> 10.0)
    - GoogleUtilities/Environment (~> 7.12)
    - GoogleUtilities/Logger (~> 7.12)
  - FirebaseCoreInternal (10.19.0):
    - "GoogleUtilities/NSData+zlib (~> 7.8)"
  - FirebaseInstallations (10.19.0):
    - FirebaseCore (~> 10.0)
    - GoogleUtilities/Environment (~> 7.8)
    - GoogleUtilities/UserDefaults (~> 7.8)
    - PromisesObjC (~> 2.1)
  - fmt (6.2.1)
  - glog (0.3.5)
  - GoogleAppMeasurement (10.19.0):
    - GoogleAppMeasurement/AdIdSupport (= 10.19.0)
    - GoogleUtilities/AppDelegateSwizzler (~> 7.11)
    - GoogleUtilities/MethodSwizzler (~> 7.11)
    - GoogleUtilities/Network (~> 7.11)
    - "GoogleUtilities/NSData+zlib (~> 7.11)"
    - nanopb (< 2.30910.0, >= 2.30908.0)
  - GoogleAppMeasurement/AdIdSupport (10.19.0):
    - GoogleAppMeasurement/WithoutAdIdSupport (= 10.19.0)
    - GoogleUtilities/AppDelegateSwizzler (~> 7.11)
    - GoogleUtilities/MethodSwizzler (~> 7.11)
    - GoogleUtilities/Network (~> 7.11)
    - "GoogleUtilities/NSData+zlib (~> 7.11)"
    - nanopb (< 2.30910.0, >= 2.30908.0)
  - GoogleAppMeasurement/WithoutAdIdSupport (10.19.0):
    - GoogleUtilities/AppDelegateSwizzler (~> 7.11)
    - GoogleUtilities/MethodSwizzler (~> 7.11)
    - GoogleUtilities/Network (~> 7.11)
    - "GoogleUtilities/NSData+zlib (~> 7.11)"
    - nanopb (< 2.30910.0, >= 2.30908.0)
  - GoogleUtilities/AppDelegateSwizzler (7.12.0):
    - GoogleUtilities/Environment
    - GoogleUtilities/Logger
    - GoogleUtilities/Network
  - GoogleUtilities/Environment (7.12.0):
    - PromisesObjC (< 3.0, >= 1.2)
  - GoogleUtilities/Logger (7.12.0):
    - GoogleUtilities/Environment
  - GoogleUtilities/MethodSwizzler (7.12.0):
    - GoogleUtilities/Logger
  - GoogleUtilities/Network (7.12.0):
    - GoogleUtilities/Logger
    - "GoogleUtilities/NSData+zlib"
    - GoogleUtilities/Reachability
  - "GoogleUtilities/NSData+zlib (7.12.0)"
  - GoogleUtilities/Reachability (7.12.0):
    - GoogleUtilities/Logger
  - GoogleUtilities/UserDefaults (7.12.0):
    - GoogleUtilities/Logger
  - Interactable (2.0.1):
    - React
  - libwebp (1.3.2):
    - libwebp/demux (= 1.3.2)
    - libwebp/mux (= 1.3.2)
    - libwebp/sharpyuv (= 1.3.2)
    - libwebp/webp (= 1.3.2)
  - libwebp/demux (1.3.2):
    - libwebp/webp
  - libwebp/mux (1.3.2):
    - libwebp/demux
  - libwebp/sharpyuv (1.3.2)
  - libwebp/webp (1.3.2):
    - libwebp/sharpyuv
  - nanopb (2.30909.1):
    - nanopb/decode (= 2.30909.1)
    - nanopb/encode (= 2.30909.1)
  - nanopb/decode (2.30909.1)
  - nanopb/encode (2.30909.1)
  - PromisesObjC (2.3.1)
  - RCT-Folly (2021.06.28.00-v2):
    - boost
    - DoubleConversion
    - fmt (~> 6.2.1)
    - glog
    - RCT-Folly/Default (= 2021.06.28.00-v2)
  - RCT-Folly/Default (2021.06.28.00-v2):
    - boost
    - DoubleConversion
    - fmt (~> 6.2.1)
    - glog
  - RCTRequired (0.68.2)
  - RCTTypeSafety (0.68.2):
    - FBLazyVector (= 0.68.2)
    - RCT-Folly (= 2021.06.28.00-v2)
    - RCTRequired (= 0.68.2)
    - React-Core (= 0.68.2)
  - React (0.68.2):
    - React-Core (= 0.68.2)
    - React-Core/DevSupport (= 0.68.2)
    - React-Core/RCTWebSocket (= 0.68.2)
    - React-RCTActionSheet (= 0.68.2)
    - React-RCTAnimation (= 0.68.2)
    - React-RCTBlob (= 0.68.2)
    - React-RCTImage (= 0.68.2)
    - React-RCTLinking (= 0.68.2)
    - React-RCTNetwork (= 0.68.2)
    - React-RCTSettings (= 0.68.2)
    - React-RCTText (= 0.68.2)
    - React-RCTVibration (= 0.68.2)
  - React-callinvoker (0.68.2)
  - React-Codegen (0.68.2):
    - FBReactNativeSpec (= 0.68.2)
    - RCT-Folly (= 2021.06.28.00-v2)
    - RCTRequired (= 0.68.2)
    - RCTTypeSafety (= 0.68.2)
    - React-Core (= 0.68.2)
    - React-jsi (= 0.68.2)
    - React-jsiexecutor (= 0.68.2)
    - ReactCommon/turbomodule/core (= 0.68.2)
  - React-Core (0.68.2):
    - glog
    - RCT-Folly (= 2021.06.28.00-v2)
    - React-Core/Default (= 0.68.2)
    - React-cxxreact (= 0.68.2)
    - React-jsi (= 0.68.2)
    - React-jsiexecutor (= 0.68.2)
    - React-perflogger (= 0.68.2)
    - Yoga
  - React-Core/CoreModulesHeaders (0.68.2):
    - glog
    - RCT-Folly (= 2021.06.28.00-v2)
    - React-Core/Default
    - React-cxxreact (= 0.68.2)
    - React-jsi (= 0.68.2)
    - React-jsiexecutor (= 0.68.2)
    - React-perflogger (= 0.68.2)
    - Yoga
  - React-Core/Default (0.68.2):
    - glog
    - RCT-Folly (= 2021.06.28.00-v2)
    - React-cxxreact (= 0.68.2)
    - React-jsi (= 0.68.2)
    - React-jsiexecutor (= 0.68.2)
    - React-perflogger (= 0.68.2)
    - Yoga
  - React-Core/DevSupport (0.68.2):
    - glog
    - RCT-Folly (= 2021.06.28.00-v2)
    - React-Core/Default (= 0.68.2)
    - React-Core/RCTWebSocket (= 0.68.2)
    - React-cxxreact (= 0.68.2)
    - React-jsi (= 0.68.2)
    - React-jsiexecutor (= 0.68.2)
    - React-jsinspector (= 0.68.2)
    - React-perflogger (= 0.68.2)
    - Yoga
  - React-Core/RCTActionSheetHeaders (0.68.2):
    - glog
    - RCT-Folly (= 2021.06.28.00-v2)
    - React-Core/Default
    - React-cxxreact (= 0.68.2)
    - React-jsi (= 0.68.2)
    - React-jsiexecutor (= 0.68.2)
    - React-perflogger (= 0.68.2)
    - Yoga
  - React-Core/RCTAnimationHeaders (0.68.2):
    - glog
    - RCT-Folly (= 2021.06.28.00-v2)
    - React-Core/Default
    - React-cxxreact (= 0.68.2)
    - React-jsi (= 0.68.2)
    - React-jsiexecutor (= 0.68.2)
    - React-perflogger (= 0.68.2)
    - Yoga
  - React-Core/RCTBlobHeaders (0.68.2):
    - glog
    - RCT-Folly (= 2021.06.28.00-v2)
    - React-Core/Default
    - React-cxxreact (= 0.68.2)
    - React-jsi (= 0.68.2)
    - React-jsiexecutor (= 0.68.2)
    - React-perflogger (= 0.68.2)
    - Yoga
  - React-Core/RCTImageHeaders (0.68.2):
    - glog
    - RCT-Folly (= 2021.06.28.00-v2)
    - React-Core/Default
    - React-cxxreact (= 0.68.2)
    - React-jsi (= 0.68.2)
    - React-jsiexecutor (= 0.68.2)
    - React-perflogger (= 0.68.2)
    - Yoga
  - React-Core/RCTLinkingHeaders (0.68.2):
    - glog
    - RCT-Folly (= 2021.06.28.00-v2)
    - React-Core/Default
    - React-cxxreact (= 0.68.2)
    - React-jsi (= 0.68.2)
    - React-jsiexecutor (= 0.68.2)
    - React-perflogger (= 0.68.2)
    - Yoga
  - React-Core/RCTNetworkHeaders (0.68.2):
    - glog
    - RCT-Folly (= 2021.06.28.00-v2)
    - React-Core/Default
    - React-cxxreact (= 0.68.2)
    - React-jsi (= 0.68.2)
    - React-jsiexecutor (= 0.68.2)
    - React-perflogger (= 0.68.2)
    - Yoga
  - React-Core/RCTSettingsHeaders (0.68.2):
    - glog
    - RCT-Folly (= 2021.06.28.00-v2)
    - React-Core/Default
    - React-cxxreact (= 0.68.2)
    - React-jsi (= 0.68.2)
    - React-jsiexecutor (= 0.68.2)
    - React-perflogger (= 0.68.2)
    - Yoga
  - React-Core/RCTTextHeaders (0.68.2):
    - glog
    - RCT-Folly (= 2021.06.28.00-v2)
    - React-Core/Default
    - React-cxxreact (= 0.68.2)
    - React-jsi (= 0.68.2)
    - React-jsiexecutor (= 0.68.2)
    - React-perflogger (= 0.68.2)
    - Yoga
  - React-Core/RCTVibrationHeaders (0.68.2):
    - glog
    - RCT-Folly (= 2021.06.28.00-v2)
    - React-Core/Default
    - React-cxxreact (= 0.68.2)
    - React-jsi (= 0.68.2)
    - React-jsiexecutor (= 0.68.2)
    - React-perflogger (= 0.68.2)
    - Yoga
  - React-Core/RCTWebSocket (0.68.2):
    - glog
    - RCT-Folly (= 2021.06.28.00-v2)
    - React-Core/Default (= 0.68.2)
    - React-cxxreact (= 0.68.2)
    - React-jsi (= 0.68.2)
    - React-jsiexecutor (= 0.68.2)
    - React-perflogger (= 0.68.2)
    - Yoga
  - React-CoreModules (0.68.2):
    - RCT-Folly (= 2021.06.28.00-v2)
    - RCTTypeSafety (= 0.68.2)
    - React-Codegen (= 0.68.2)
    - React-Core/CoreModulesHeaders (= 0.68.2)
    - React-jsi (= 0.68.2)
    - React-RCTImage (= 0.68.2)
    - ReactCommon/turbomodule/core (= 0.68.2)
  - React-cxxreact (0.68.2):
    - boost (= 1.76.0)
    - DoubleConversion
    - glog
    - RCT-Folly (= 2021.06.28.00-v2)
    - React-callinvoker (= 0.68.2)
    - React-jsi (= 0.68.2)
    - React-jsinspector (= 0.68.2)
    - React-logger (= 0.68.2)
    - React-perflogger (= 0.68.2)
    - React-runtimeexecutor (= 0.68.2)
  - React-jsi (0.68.2):
    - boost (= 1.76.0)
    - DoubleConversion
    - glog
    - RCT-Folly (= 2021.06.28.00-v2)
    - React-jsi/Default (= 0.68.2)
  - React-jsi/Default (0.68.2):
    - boost (= 1.76.0)
    - DoubleConversion
    - glog
    - RCT-Folly (= 2021.06.28.00-v2)
  - React-jsiexecutor (0.68.2):
    - DoubleConversion
    - glog
    - RCT-Folly (= 2021.06.28.00-v2)
    - React-cxxreact (= 0.68.2)
    - React-jsi (= 0.68.2)
    - React-perflogger (= 0.68.2)
  - React-jsinspector (0.68.2)
  - React-logger (0.68.2):
    - glog
  - react-native-cameraroll (5.6.0):
    - React-Core
  - react-native-compressor (1.8.23):
    - React-Core
  - react-native-cookies (6.2.1):
    - React-Core
  - react-native-image-picker (4.10.3):
    - React-Core
  - react-native-menu (0.9.1):
    - React
  - react-native-pager-view (6.2.3):
    - React-Core
  - react-native-restart (0.0.24):
    - React-Core
  - react-native-safe-area-context (4.8.2):
    - React-Core
  - react-native-webview (11.26.1):
    - React-Core
  - React-perflogger (0.68.2)
  - React-RCTActionSheet (0.68.2):
    - React-Core/RCTActionSheetHeaders (= 0.68.2)
  - React-RCTAnimation (0.68.2):
    - RCT-Folly (= 2021.06.28.00-v2)
    - RCTTypeSafety (= 0.68.2)
    - React-Codegen (= 0.68.2)
    - React-Core/RCTAnimationHeaders (= 0.68.2)
    - React-jsi (= 0.68.2)
    - ReactCommon/turbomodule/core (= 0.68.2)
  - React-RCTBlob (0.68.2):
    - RCT-Folly (= 2021.06.28.00-v2)
    - React-Codegen (= 0.68.2)
    - React-Core/RCTBlobHeaders (= 0.68.2)
    - React-Core/RCTWebSocket (= 0.68.2)
    - React-jsi (= 0.68.2)
    - React-RCTNetwork (= 0.68.2)
    - ReactCommon/turbomodule/core (= 0.68.2)
  - React-RCTImage (0.68.2):
    - RCT-Folly (= 2021.06.28.00-v2)
    - RCTTypeSafety (= 0.68.2)
    - React-Codegen (= 0.68.2)
    - React-Core/RCTImageHeaders (= 0.68.2)
    - React-jsi (= 0.68.2)
    - React-RCTNetwork (= 0.68.2)
    - ReactCommon/turbomodule/core (= 0.68.2)
  - React-RCTLinking (0.68.2):
    - React-Codegen (= 0.68.2)
    - React-Core/RCTLinkingHeaders (= 0.68.2)
    - React-jsi (= 0.68.2)
    - ReactCommon/turbomodule/core (= 0.68.2)
  - React-RCTNetwork (0.68.2):
    - RCT-Folly (= 2021.06.28.00-v2)
    - RCTTypeSafety (= 0.68.2)
    - React-Codegen (= 0.68.2)
    - React-Core/RCTNetworkHeaders (= 0.68.2)
    - React-jsi (= 0.68.2)
    - ReactCommon/turbomodule/core (= 0.68.2)
  - React-RCTSettings (0.68.2):
    - RCT-Folly (= 2021.06.28.00-v2)
    - RCTTypeSafety (= 0.68.2)
    - React-Codegen (= 0.68.2)
    - React-Core/RCTSettingsHeaders (= 0.68.2)
    - React-jsi (= 0.68.2)
    - ReactCommon/turbomodule/core (= 0.68.2)
  - React-RCTText (0.68.2):
    - React-Core/RCTTextHeaders (= 0.68.2)
  - React-RCTVibration (0.68.2):
    - RCT-Folly (= 2021.06.28.00-v2)
    - React-Codegen (= 0.68.2)
    - React-Core/RCTVibrationHeaders (= 0.68.2)
    - React-jsi (= 0.68.2)
    - ReactCommon/turbomodule/core (= 0.68.2)
  - React-runtimeexecutor (0.68.2):
    - React-jsi (= 0.68.2)
  - ReactCommon/turbomodule/core (0.68.2):
    - DoubleConversion
    - glog
    - RCT-Folly (= 2021.06.28.00-v2)
    - React-callinvoker (= 0.68.2)
    - React-Core (= 0.68.2)
    - React-cxxreact (= 0.68.2)
    - React-jsi (= 0.68.2)
    - React-logger (= 0.68.2)
    - React-perflogger (= 0.68.2)
  - ReactNativeUiLib (3.0.9):
    - React
  - rn-fetch-blob (0.12.0):
    - React-Core
  - RNCAsyncStorage (1.21.0):
    - React-Core
  - RNCClipboard (1.13.2):
    - React-Core
  - RNDateTimePicker (6.7.5):
    - React-Core
  - RNFastImage (8.6.3):
    - React-Core
    - SDWebImage (~> 5.11.1)
    - SDWebImageWebPCoder (~> 0.8.4)
  - RNFBAnalytics (18.7.3):
    - Firebase/Analytics (= 10.19.0)
    - React-Core
    - RNFBApp
  - RNFBApp (18.7.3):
    - Firebase/CoreOnly (= 10.19.0)
    - React-Core
  - RNFS (2.20.0):
    - React-Core
  - RNGestureHandler (2.14.0):
    - React-Core
  - RNInAppBrowser (3.7.0):
    - React-Core
  - RNReactNativeHapticFeedback (1.14.0):
    - React-Core
  - RNReanimated (2.17.0):
    - DoubleConversion
    - FBLazyVector
    - FBReactNativeSpec
    - glog
    - RCT-Folly
    - RCTRequired
    - RCTTypeSafety
    - React-callinvoker
    - React-Core
    - React-Core/DevSupport
    - React-Core/RCTWebSocket
    - React-CoreModules
    - React-cxxreact
    - React-jsi
    - React-jsiexecutor
    - React-jsinspector
    - React-RCTActionSheet
    - React-RCTAnimation
    - React-RCTBlob
    - React-RCTImage
    - React-RCTLinking
    - React-RCTNetwork
    - React-RCTSettings
    - React-RCTText
    - ReactCommon/turbomodule/core
    - Yoga
  - RNScreens (3.29.0):
    - React-Core
    - React-RCTImage
  - RNSVG (12.5.1):
    - React-Core
  - SDWebImage (5.11.1):
    - SDWebImage/Core (= 5.11.1)
  - SDWebImage/Core (5.11.1)
  - SDWebImageWebPCoder (0.8.5):
    - libwebp (~> 1.0)
    - SDWebImage/Core (~> 5.10)
  - Yoga (1.14.0)

DEPENDENCIES:
  - boost (from `../node_modules/react-native/third-party-podspecs/boost.podspec`)
  - BVLinearGradient (from `../node_modules/react-native-linear-gradient`)
  - DoubleConversion (from `../node_modules/react-native/third-party-podspecs/DoubleConversion.podspec`)
  - FBLazyVector (from `../node_modules/react-native/Libraries/FBLazyVector`)
  - FBReactNativeSpec (from `../node_modules/react-native/React/FBReactNativeSpec`)
  - glog (from `../node_modules/react-native/third-party-podspecs/glog.podspec`)
  - Interactable (from `../node_modules/react-native-interactable`)
  - RCT-Folly (from `../node_modules/react-native/third-party-podspecs/RCT-Folly.podspec`)
  - RCTRequired (from `../node_modules/react-native/Libraries/RCTRequired`)
  - RCTTypeSafety (from `../node_modules/react-native/Libraries/TypeSafety`)
  - React (from `../node_modules/react-native/`)
  - React-callinvoker (from `../node_modules/react-native/ReactCommon/callinvoker`)
  - React-Codegen (from `build/generated/ios`)
  - React-Core (from `../node_modules/react-native/`)
  - React-Core/DevSupport (from `../node_modules/react-native/`)
  - React-Core/RCTWebSocket (from `../node_modules/react-native/`)
  - React-CoreModules (from `../node_modules/react-native/React/CoreModules`)
  - React-cxxreact (from `../node_modules/react-native/ReactCommon/cxxreact`)
  - React-jsi (from `../node_modules/react-native/ReactCommon/jsi`)
  - React-jsiexecutor (from `../node_modules/react-native/ReactCommon/jsiexecutor`)
  - React-jsinspector (from `../node_modules/react-native/ReactCommon/jsinspector`)
  - React-logger (from `../node_modules/react-native/ReactCommon/logger`)
  - "react-native-cameraroll (from `../node_modules/@react-native-camera-roll/camera-roll`)"
  - react-native-compressor (from `../node_modules/react-native-compressor`)
  - "react-native-cookies (from `../node_modules/@react-native-cookies/cookies`)"
  - react-native-image-picker (from `../node_modules/react-native-image-picker`)
  - "react-native-menu (from `../node_modules/@react-native-menu/menu`)"
  - react-native-pager-view (from `../node_modules/react-native-pager-view`)
  - react-native-restart (from `../node_modules/react-native-restart`)
  - react-native-safe-area-context (from `../node_modules/react-native-safe-area-context`)
  - react-native-webview (from `../node_modules/react-native-webview`)
  - React-perflogger (from `../node_modules/react-native/ReactCommon/reactperflogger`)
  - React-RCTActionSheet (from `../node_modules/react-native/Libraries/ActionSheetIOS`)
  - React-RCTAnimation (from `../node_modules/react-native/Libraries/NativeAnimation`)
  - React-RCTBlob (from `../node_modules/react-native/Libraries/Blob`)
  - React-RCTImage (from `../node_modules/react-native/Libraries/Image`)
  - React-RCTLinking (from `../node_modules/react-native/Libraries/LinkingIOS`)
  - React-RCTNetwork (from `../node_modules/react-native/Libraries/Network`)
  - React-RCTSettings (from `../node_modules/react-native/Libraries/Settings`)
  - React-RCTText (from `../node_modules/react-native/Libraries/Text`)
  - React-RCTVibration (from `../node_modules/react-native/Libraries/Vibration`)
  - React-runtimeexecutor (from `../node_modules/react-native/ReactCommon/runtimeexecutor`)
  - ReactCommon/turbomodule/core (from `../node_modules/react-native/ReactCommon`)
  - ReactNativeUiLib (from `../node_modules/react-native-ui-lib`)
  - rn-fetch-blob (from `../node_modules/rn-fetch-blob`)
  - "RNCAsyncStorage (from `../node_modules/@react-native-async-storage/async-storage`)"
  - "RNCClipboard (from `../node_modules/@react-native-clipboard/clipboard`)"
  - "RNDateTimePicker (from `../node_modules/@react-native-community/datetimepicker`)"
  - RNFastImage (from `../node_modules/react-native-fast-image`)
  - "RNFBAnalytics (from `../node_modules/@react-native-firebase/analytics`)"
  - "RNFBApp (from `../node_modules/@react-native-firebase/app`)"
  - RNFS (from `../node_modules/react-native-fs`)
  - RNGestureHandler (from `../node_modules/react-native-gesture-handler`)
  - RNInAppBrowser (from `../node_modules/react-native-inappbrowser-reborn`)
  - RNReactNativeHapticFeedback (from `../node_modules/react-native-haptic-feedback`)
  - RNReanimated (from `../node_modules/react-native-reanimated`)
  - RNScreens (from `../node_modules/react-native-screens`)
  - RNSVG (from `../node_modules/react-native-svg`)
  - Yoga (from `../node_modules/react-native/ReactCommon/yoga`)

SPEC REPOS:
  trunk:
    - Firebase
    - FirebaseAnalytics
    - FirebaseCore
    - FirebaseCoreInternal
    - FirebaseInstallations
    - fmt
    - GoogleAppMeasurement
    - GoogleUtilities
    - libwebp
    - nanopb
    - PromisesObjC
    - SDWebImage
    - SDWebImageWebPCoder

EXTERNAL SOURCES:
  boost:
    :podspec: "../node_modules/react-native/third-party-podspecs/boost.podspec"
  BVLinearGradient:
    :path: "../node_modules/react-native-linear-gradient"
  DoubleConversion:
    :podspec: "../node_modules/react-native/third-party-podspecs/DoubleConversion.podspec"
  FBLazyVector:
    :path: "../node_modules/react-native/Libraries/FBLazyVector"
  FBReactNativeSpec:
    :path: "../node_modules/react-native/React/FBReactNativeSpec"
  glog:
    :podspec: "../node_modules/react-native/third-party-podspecs/glog.podspec"
  Interactable:
    :path: "../node_modules/react-native-interactable"
  RCT-Folly:
    :podspec: "../node_modules/react-native/third-party-podspecs/RCT-Folly.podspec"
  RCTRequired:
    :path: "../node_modules/react-native/Libraries/RCTRequired"
  RCTTypeSafety:
    :path: "../node_modules/react-native/Libraries/TypeSafety"
  React:
    :path: "../node_modules/react-native/"
  React-callinvoker:
    :path: "../node_modules/react-native/ReactCommon/callinvoker"
  React-Codegen:
    :path: build/generated/ios
  React-Core:
    :path: "../node_modules/react-native/"
  React-CoreModules:
    :path: "../node_modules/react-native/React/CoreModules"
  React-cxxreact:
    :path: "../node_modules/react-native/ReactCommon/cxxreact"
  React-jsi:
    :path: "../node_modules/react-native/ReactCommon/jsi"
  React-jsiexecutor:
    :path: "../node_modules/react-native/ReactCommon/jsiexecutor"
  React-jsinspector:
    :path: "../node_modules/react-native/ReactCommon/jsinspector"
  React-logger:
    :path: "../node_modules/react-native/ReactCommon/logger"
  react-native-cameraroll:
    :path: "../node_modules/@react-native-camera-roll/camera-roll"
  react-native-compressor:
    :path: "../node_modules/react-native-compressor"
  react-native-cookies:
    :path: "../node_modules/@react-native-cookies/cookies"
  react-native-image-picker:
    :path: "../node_modules/react-native-image-picker"
  react-native-menu:
    :path: "../node_modules/@react-native-menu/menu"
  react-native-pager-view:
    :path: "../node_modules/react-native-pager-view"
  react-native-restart:
    :path: "../node_modules/react-native-restart"
  react-native-safe-area-context:
    :path: "../node_modules/react-native-safe-area-context"
  react-native-webview:
    :path: "../node_modules/react-native-webview"
  React-perflogger:
    :path: "../node_modules/react-native/ReactCommon/reactperflogger"
  React-RCTActionSheet:
    :path: "../node_modules/react-native/Libraries/ActionSheetIOS"
  React-RCTAnimation:
    :path: "../node_modules/react-native/Libraries/NativeAnimation"
  React-RCTBlob:
    :path: "../node_modules/react-native/Libraries/Blob"
  React-RCTImage:
    :path: "../node_modules/react-native/Libraries/Image"
  React-RCTLinking:
    :path: "../node_modules/react-native/Libraries/LinkingIOS"
  React-RCTNetwork:
    :path: "../node_modules/react-native/Libraries/Network"
  React-RCTSettings:
    :path: "../node_modules/react-native/Libraries/Settings"
  React-RCTText:
    :path: "../node_modules/react-native/Libraries/Text"
  React-RCTVibration:
    :path: "../node_modules/react-native/Libraries/Vibration"
  React-runtimeexecutor:
    :path: "../node_modules/react-native/ReactCommon/runtimeexecutor"
  ReactCommon:
    :path: "../node_modules/react-native/ReactCommon"
  ReactNativeUiLib:
    :path: "../node_modules/react-native-ui-lib"
  rn-fetch-blob:
    :path: "../node_modules/rn-fetch-blob"
  RNCAsyncStorage:
    :path: "../node_modules/@react-native-async-storage/async-storage"
  RNCClipboard:
    :path: "../node_modules/@react-native-clipboard/clipboard"
  RNDateTimePicker:
    :path: "../node_modules/@react-native-community/datetimepicker"
  RNFastImage:
    :path: "../node_modules/react-native-fast-image"
  RNFBAnalytics:
    :path: "../node_modules/@react-native-firebase/analytics"
  RNFBApp:
    :path: "../node_modules/@react-native-firebase/app"
  RNFS:
    :path: "../node_modules/react-native-fs"
  RNGestureHandler:
    :path: "../node_modules/react-native-gesture-handler"
  RNInAppBrowser:
    :path: "../node_modules/react-native-inappbrowser-reborn"
  RNReactNativeHapticFeedback:
    :path: "../node_modules/react-native-haptic-feedback"
  RNReanimated:
    :path: "../node_modules/react-native-reanimated"
  RNScreens:
    :path: "../node_modules/react-native-screens"
  RNSVG:
    :path: "../node_modules/react-native-svg"
  Yoga:
    :path: "../node_modules/react-native/ReactCommon/yoga"

SPEC CHECKSUMS:
  boost: a7c83b31436843459a1961bfd74b96033dc77234
  BVLinearGradient: 880f91a7854faff2df62518f0281afb1c60d49a3
  DoubleConversion: 831926d9b8bf8166fd87886c4abab286c2422662
  FBLazyVector: a7a655862f6b09625d11c772296b01cd5164b648
  FBReactNativeSpec: 81ce99032d5b586fddd6a38d450f8595f7e04be4
  Firebase: 63ce8ece0d43743dc28eacac0c6867a2d7fd5a9d
  FirebaseAnalytics: 87513010b13b7c8610164d3602ea10571f76afc1
  FirebaseCore: dc5c7badf99d47613c52b2e3a57a64cd187f8554
  FirebaseCoreInternal: b444828ea7cfd594fca83046b95db98a2be4f290
  FirebaseInstallations: 033d199474164db20c8350736842a94fe717b960
  fmt: ff9d55029c625d3757ed641535fd4a75fedc7ce9
  glog: 476ee3e89abb49e07f822b48323c51c57124b572
  GoogleAppMeasurement: 68afe759316673c6554dac35a0c7ae8f5d6cb4ed
  GoogleUtilities: 0759d1a57ebb953965c2dfe0ba4c82e95ccc2e34
  Interactable: 411887c89fa16ac41f8e7898aca06dcad55e5f22
  libwebp: 1786c9f4ff8a279e4dac1e8f385004d5fc253009
  nanopb: d4d75c12cd1316f4a64e3c6963f879ecd4b5e0d5
  PromisesObjC: c50d2056b5253dadbd6c2bea79b0674bd5a52fa4
  RCT-Folly: 4d8508a426467c48885f1151029bc15fa5d7b3b8
  RCTRequired: 3e917ea5377751094f38145fdece525aa90545a0
  RCTTypeSafety: c43c072a4bd60feb49a9570b0517892b4305c45e
  React: 176dd882de001854ced260fad41bb68a31aa4bd0
  React-callinvoker: c2864d1818d6e64928d2faf774a3800dfc38fe1f
  React-Codegen: 98b6f97f0a7abf7d67e4ce435c77c05b7a95cf05
  React-Core: fdaa2916b1c893f39f02cff0476d1fb0cab1e352
  React-CoreModules: fd8705b80699ec36c2cdd635c2ce9d874b9cfdfc
  React-cxxreact: 1832d971f7b0cb2c7b943dc0ec962762c90c906e
  React-jsi: 72af715135abe8c3f0dcf3b2548b71d048b69a7e
  React-jsiexecutor: b7b553412f2ec768fe6c8f27cd6bafdb9d8719e6
  React-jsinspector: c5989c77cb89ae6a69561095a61cce56a44ae8e8
  React-logger: a0833912d93b36b791b7a521672d8ee89107aff1
  react-native-cameraroll: 755bcc628148a90a7c9cf3f817a252be3a601bc5
  react-native-compressor: 83d346f200b8618e890eb17a9cd486b1cd10dedc
  react-native-cookies: f54fcded06bb0cda05c11d86788020b43528a26c
  react-native-image-picker: 60f4246eb5bb7187fc15638a8c1f13abd3820695
  react-native-menu: 9728f90160c36b9a75481fc76e05354b99d54c59
  react-native-pager-view: c29d484f19c49ff19525a94105e4ab2c4d4ae273
  react-native-restart: 45c8dca02491980f2958595333cbccd6877cb57e
  react-native-safe-area-context: 0ee144a6170530ccc37a0fd9388e28d06f516a89
  react-native-webview: 9f111dfbcfc826084d6c507f569e5e03342ee1c1
  React-perflogger: a18b4f0bd933b8b24ecf9f3c54f9bf65180f3fe6
  React-RCTActionSheet: 547fe42fdb4b6089598d79f8e1d855d7c23e2162
  React-RCTAnimation: bc9440a1c37b06ae9ebbb532d244f607805c6034
  React-RCTBlob: a1295c8e183756d7ef30ba6e8f8144dfe8a19215
  React-RCTImage: a30d1ee09b1334067fbb6f30789aae2d7ac150c9
  React-RCTLinking: ffc6d5b88d1cb9aca13c54c2ec6507fbf07f2ac4
  React-RCTNetwork: f807a2facab6cf5cf36d592e634611de9cf12d81
  React-RCTSettings: 861806819226ed8332e6a8f90df2951a34bb3e7f
  React-RCTText: f3fb464cc41a50fc7a1aba4deeb76a9ad8282cb9
  React-RCTVibration: 79040b92bfa9c3c2d2cb4f57e981164ec7ab9374
  React-runtimeexecutor: b960b687d2dfef0d3761fbb187e01812ebab8b23
  ReactCommon: 095366164a276d91ea704ce53cb03825c487a3f2
  ReactNativeUiLib: 8d3804947431a465a69f09c5e785c988314612a9
  rn-fetch-blob: f065bb7ab7fb48dd002629f8bdcb0336602d3cba
  RNCAsyncStorage: 618d03a5f52fbccb3d7010076bc54712844c18ef
  RNCClipboard: 60fed4b71560d7bfe40e9d35dea9762b024da86d
  RNDateTimePicker: 65e1d202799460b286ff5e741d8baf54695e8abd
  RNFastImage: 5c9c9fed9c076e521b3f509fe79e790418a544e8
  RNFBAnalytics: fdecb8b774abd12f9ed79675794159d1a0fadc6c
  RNFBApp: 5ee688b07ed0fa692a3a8fd07df6d6ae41e4c3a0
  RNFS: 4ac0f0ea233904cb798630b3c077808c06931688
  RNGestureHandler: 4279931048471f17faf46d912b2e96e10f1da99b
  RNInAppBrowser: e36d6935517101ccba0e875bac8ad7b0cb655364
  RNReactNativeHapticFeedback: 1e3efeca9628ff9876ee7cdd9edec1b336913f8c
  RNReanimated: 1f117be601c59177816351a965bc57320b766c15
  RNScreens: fa9b582d85ae5d62c91c66003b5278458fed7aaa
  RNSVG: d7d7bc8229af3842c9cfc3a723c815a52cdd1105
  SDWebImage: a7f831e1a65eb5e285e3fb046a23fcfbf08e696d
  SDWebImageWebPCoder: 908b83b6adda48effe7667cd2b7f78c897e5111d
  Yoga: 99652481fcd320aefa4a7ef90095b95acd181952

PODFILE CHECKSUM: dffe2d434591b177ef39b2bee1110bfecfd0502a

COCOAPODS: 1.14.3
