PODS:
  - boost (1.76.0)
  - BVLinearGradient (2.8.3):
    - React-Core
  - DoubleConversion (1.1.6)
  - FBLazyVector (0.70.15)
  - FBReactNativeSpec (0.70.15):
    - RCT-Folly (= 2021.07.22.00)
    - RCTRequired (= 0.70.15)
    - RCTTypeSafety (= 0.70.15)
    - React-Core (= 0.70.15)
    - React-jsi (= 0.70.15)
    - ReactCommon/turbomodule/core (= 0.70.15)
  - Firebase/AnalyticsWithoutAdIdSupport (10.29.0):
    - Firebase/CoreOnly
    - FirebaseAnalytics/WithoutAdIdSupport (~> 10.29.0)
  - Firebase/CoreOnly (10.29.0):
    - FirebaseCore (= 10.29.0)
  - FirebaseAnalytics/WithoutAdIdSupport (10.29.0):
    - FirebaseCore (~> 10.0)
    - FirebaseInstallations (~> 10.0)
    - GoogleAppMeasurement/WithoutAdIdSupport (= 10.29.0)
    - GoogleUtilities/AppDelegateSwizzler (~> 7.11)
    - GoogleUtilities/MethodSwizzler (~> 7.11)
    - GoogleUtilities/Network (~> 7.11)
    - "GoogleUtilities/NSData+zlib (~> 7.11)"
    - nanopb (< 2.30911.0, >= 2.30908.0)
  - FirebaseCore (10.29.0):
    - FirebaseCoreInternal (~> 10.0)
    - GoogleUtilities/Environment (~> 7.12)
    - GoogleUtilities/Logger (~> 7.12)
  - FirebaseCoreInternal (10.29.0):
    - "GoogleUtilities/NSData+zlib (~> 7.8)"
  - FirebaseInstallations (10.29.0):
    - FirebaseCore (~> 10.0)
    - GoogleUtilities/Environment (~> 7.8)
    - GoogleUtilities/UserDefaults (~> 7.8)
    - PromisesObjC (~> 2.1)
  - fmt (6.2.1)
  - glog (0.3.5)
  - GoogleAppMeasurement/WithoutAdIdSupport (10.29.0):
    - GoogleUtilities/AppDelegateSwizzler (~> 7.11)
    - GoogleUtilities/MethodSwizzler (~> 7.11)
    - GoogleUtilities/Network (~> 7.11)
    - "GoogleUtilities/NSData+zlib (~> 7.11)"
    - nanopb (< 2.30911.0, >= 2.30908.0)
  - GoogleUtilities/AppDelegateSwizzler (7.13.3):
    - GoogleUtilities/Environment
    - GoogleUtilities/Logger
    - GoogleUtilities/Network
    - GoogleUtilities/Privacy
  - GoogleUtilities/Environment (7.13.3):
    - GoogleUtilities/Privacy
    - PromisesObjC (< 3.0, >= 1.2)
  - GoogleUtilities/Logger (7.13.3):
    - GoogleUtilities/Environment
    - GoogleUtilities/Privacy
  - GoogleUtilities/MethodSwizzler (7.13.3):
    - GoogleUtilities/Logger
    - GoogleUtilities/Privacy
  - GoogleUtilities/Network (7.13.3):
    - GoogleUtilities/Logger
    - "GoogleUtilities/NSData+zlib"
    - GoogleUtilities/Privacy
    - GoogleUtilities/Reachability
  - "GoogleUtilities/NSData+zlib (7.13.3)":
    - GoogleUtilities/Privacy
  - GoogleUtilities/Privacy (7.13.3)
  - GoogleUtilities/Reachability (7.13.3):
    - GoogleUtilities/Logger
    - GoogleUtilities/Privacy
  - GoogleUtilities/UserDefaults (7.13.3):
    - GoogleUtilities/Logger
    - GoogleUtilities/Privacy
  - hermes-engine (0.70.0)
  - Interactable (2.0.1):
    - React
  - libevent (2.1.12)
  - libwebp (1.3.2):
    - libwebp/demux (= 1.3.2)
    - libwebp/mux (= 1.3.2)
    - libwebp/sharpyuv (= 1.3.2)
    - libwebp/webp (= 1.3.2)
  - libwebp/demux (1.3.2):
    - libwebp/webp
  - libwebp/mux (1.3.2):
    - libwebp/demux
  - libwebp/sharpyuv (1.3.2)
  - libwebp/webp (1.3.2):
    - libwebp/sharpyuv
  - nanopb (2.30910.0):
    - nanopb/decode (= 2.30910.0)
    - nanopb/encode (= 2.30910.0)
  - nanopb/decode (2.30910.0)
  - nanopb/encode (2.30910.0)
  - PromisesObjC (2.4.0)
  - RCT-Folly (2021.07.22.00):
    - boost
    - DoubleConversion
    - fmt (~> 6.2.1)
    - glog
    - RCT-Folly/Default (= 2021.07.22.00)
  - RCT-Folly/Default (2021.07.22.00):
    - boost
    - DoubleConversion
    - fmt (~> 6.2.1)
    - glog
  - RCT-Folly/Futures (2021.07.22.00):
    - boost
    - DoubleConversion
    - fmt (~> 6.2.1)
    - glog
    - libevent
  - RCTRequired (0.70.15)
  - RCTTypeSafety (0.70.15):
    - FBLazyVector (= 0.70.15)
    - RCTRequired (= 0.70.15)
    - React-Core (= 0.70.15)
  - React (0.70.15):
    - React-Core (= 0.70.15)
    - React-Core/DevSupport (= 0.70.15)
    - React-Core/RCTWebSocket (= 0.70.15)
    - React-RCTActionSheet (= 0.70.15)
    - React-RCTAnimation (= 0.70.15)
    - React-RCTBlob (= 0.70.15)
    - React-RCTImage (= 0.70.15)
    - React-RCTLinking (= 0.70.15)
    - React-RCTNetwork (= 0.70.15)
    - React-RCTSettings (= 0.70.15)
    - React-RCTText (= 0.70.15)
    - React-RCTVibration (= 0.70.15)
  - React-bridging (0.70.15):
    - RCT-Folly (= 2021.07.22.00)
    - React-jsi (= 0.70.15)
  - React-callinvoker (0.70.15)
  - React-Codegen (0.70.15):
    - FBReactNativeSpec (= 0.70.15)
    - RCT-Folly (= 2021.07.22.00)
    - RCTRequired (= 0.70.15)
    - RCTTypeSafety (= 0.70.15)
    - React-Core (= 0.70.15)
    - React-jsi (= 0.70.15)
    - React-jsiexecutor (= 0.70.15)
    - ReactCommon/turbomodule/core (= 0.70.15)
  - React-Core (0.70.15):
    - glog
    - RCT-Folly (= 2021.07.22.00)
    - React-Core/Default (= 0.70.15)
    - React-cxxreact (= 0.70.15)
    - React-jsi (= 0.70.15)
    - React-jsiexecutor (= 0.70.15)
    - React-perflogger (= 0.70.15)
    - Yoga
  - React-Core/CoreModulesHeaders (0.70.15):
    - glog
    - RCT-Folly (= 2021.07.22.00)
    - React-Core/Default
    - React-cxxreact (= 0.70.15)
    - React-jsi (= 0.70.15)
    - React-jsiexecutor (= 0.70.15)
    - React-perflogger (= 0.70.15)
    - Yoga
  - React-Core/Default (0.70.15):
    - glog
    - RCT-Folly (= 2021.07.22.00)
    - React-cxxreact (= 0.70.15)
    - React-jsi (= 0.70.15)
    - React-jsiexecutor (= 0.70.15)
    - React-perflogger (= 0.70.15)
    - Yoga
  - React-Core/DevSupport (0.70.15):
    - glog
    - RCT-Folly (= 2021.07.22.00)
    - React-Core/Default (= 0.70.15)
    - React-Core/RCTWebSocket (= 0.70.15)
    - React-cxxreact (= 0.70.15)
    - React-jsi (= 0.70.15)
    - React-jsiexecutor (= 0.70.15)
    - React-jsinspector (= 0.70.15)
    - React-perflogger (= 0.70.15)
    - Yoga
  - React-Core/RCTActionSheetHeaders (0.70.15):
    - glog
    - RCT-Folly (= 2021.07.22.00)
    - React-Core/Default
    - React-cxxreact (= 0.70.15)
    - React-jsi (= 0.70.15)
    - React-jsiexecutor (= 0.70.15)
    - React-perflogger (= 0.70.15)
    - Yoga
  - React-Core/RCTAnimationHeaders (0.70.15):
    - glog
    - RCT-Folly (= 2021.07.22.00)
    - React-Core/Default
    - React-cxxreact (= 0.70.15)
    - React-jsi (= 0.70.15)
    - React-jsiexecutor (= 0.70.15)
    - React-perflogger (= 0.70.15)
    - Yoga
  - React-Core/RCTBlobHeaders (0.70.15):
    - glog
    - RCT-Folly (= 2021.07.22.00)
    - React-Core/Default
    - React-cxxreact (= 0.70.15)
    - React-jsi (= 0.70.15)
    - React-jsiexecutor (= 0.70.15)
    - React-perflogger (= 0.70.15)
    - Yoga
  - React-Core/RCTImageHeaders (0.70.15):
    - glog
    - RCT-Folly (= 2021.07.22.00)
    - React-Core/Default
    - React-cxxreact (= 0.70.15)
    - React-jsi (= 0.70.15)
    - React-jsiexecutor (= 0.70.15)
    - React-perflogger (= 0.70.15)
    - Yoga
  - React-Core/RCTLinkingHeaders (0.70.15):
    - glog
    - RCT-Folly (= 2021.07.22.00)
    - React-Core/Default
    - React-cxxreact (= 0.70.15)
    - React-jsi (= 0.70.15)
    - React-jsiexecutor (= 0.70.15)
    - React-perflogger (= 0.70.15)
    - Yoga
  - React-Core/RCTNetworkHeaders (0.70.15):
    - glog
    - RCT-Folly (= 2021.07.22.00)
    - React-Core/Default
    - React-cxxreact (= 0.70.15)
    - React-jsi (= 0.70.15)
    - React-jsiexecutor (= 0.70.15)
    - React-perflogger (= 0.70.15)
    - Yoga
  - React-Core/RCTSettingsHeaders (0.70.15):
    - glog
    - RCT-Folly (= 2021.07.22.00)
    - React-Core/Default
    - React-cxxreact (= 0.70.15)
    - React-jsi (= 0.70.15)
    - React-jsiexecutor (= 0.70.15)
    - React-perflogger (= 0.70.15)
    - Yoga
  - React-Core/RCTTextHeaders (0.70.15):
    - glog
    - RCT-Folly (= 2021.07.22.00)
    - React-Core/Default
    - React-cxxreact (= 0.70.15)
    - React-jsi (= 0.70.15)
    - React-jsiexecutor (= 0.70.15)
    - React-perflogger (= 0.70.15)
    - Yoga
  - React-Core/RCTVibrationHeaders (0.70.15):
    - glog
    - RCT-Folly (= 2021.07.22.00)
    - React-Core/Default
    - React-cxxreact (= 0.70.15)
    - React-jsi (= 0.70.15)
    - React-jsiexecutor (= 0.70.15)
    - React-perflogger (= 0.70.15)
    - Yoga
  - React-Core/RCTWebSocket (0.70.15):
    - glog
    - RCT-Folly (= 2021.07.22.00)
    - React-Core/Default (= 0.70.15)
    - React-cxxreact (= 0.70.15)
    - React-jsi (= 0.70.15)
    - React-jsiexecutor (= 0.70.15)
    - React-perflogger (= 0.70.15)
    - Yoga
  - React-CoreModules (0.70.15):
    - RCT-Folly (= 2021.07.22.00)
    - RCTTypeSafety (= 0.70.15)
    - React-Codegen (= 0.70.15)
    - React-Core/CoreModulesHeaders (= 0.70.15)
    - React-jsi (= 0.70.15)
    - React-RCTImage (= 0.70.15)
    - ReactCommon/turbomodule/core (= 0.70.15)
  - React-cxxreact (0.70.15):
    - boost (= 1.76.0)
    - DoubleConversion
    - glog
    - RCT-Folly (= 2021.07.22.00)
    - React-callinvoker (= 0.70.15)
    - React-jsi (= 0.70.15)
    - React-jsinspector (= 0.70.15)
    - React-logger (= 0.70.15)
    - React-perflogger (= 0.70.15)
    - React-runtimeexecutor (= 0.70.15)
  - React-hermes (0.70.15):
    - DoubleConversion
    - glog
    - hermes-engine
    - RCT-Folly (= 2021.07.22.00)
    - RCT-Folly/Futures (= 2021.07.22.00)
    - React-cxxreact (= 0.70.15)
    - React-jsi (= 0.70.15)
    - React-jsiexecutor (= 0.70.15)
    - React-jsinspector (= 0.70.15)
    - React-perflogger (= 0.70.15)
  - React-jsi (0.70.15):
    - boost (= 1.76.0)
    - DoubleConversion
    - glog
    - RCT-Folly (= 2021.07.22.00)
    - React-jsi/Default (= 0.70.15)
  - React-jsi/Default (0.70.15):
    - boost (= 1.76.0)
    - DoubleConversion
    - glog
    - RCT-Folly (= 2021.07.22.00)
  - React-jsiexecutor (0.70.15):
    - DoubleConversion
    - glog
    - RCT-Folly (= 2021.07.22.00)
    - React-cxxreact (= 0.70.15)
    - React-jsi (= 0.70.15)
    - React-perflogger (= 0.70.15)
  - React-jsinspector (0.70.15)
  - React-logger (0.70.15):
    - glog
  - react-native-blob-util (0.19.11):
    - React-Core
  - react-native-cameraroll (5.6.0):
    - React-Core
  - react-native-compressor (1.9.0):
    - React-Core
  - react-native-cookies (6.2.1):
    - React-Core
  - react-native-image-picker (4.10.3):
    - React-Core
  - react-native-menu (1.1.3):
    - React
  - react-native-pager-view (6.4.1):
    - React-Core
  - react-native-restart (0.0.24):
    - React-Core
  - react-native-safe-area-context (4.11.0):
    - React-Core
  - react-native-simple-toast (3.3.1):
    - React-Core
    - Toast (~> 4)
  - react-native-webview (13.12.2):
    - React-Core
  - React-perflogger (0.70.15)
  - React-RCTActionSheet (0.70.15):
    - React-Core/RCTActionSheetHeaders (= 0.70.15)
  - React-RCTAnimation (0.70.15):
    - RCT-Folly (= 2021.07.22.00)
    - RCTTypeSafety (= 0.70.15)
    - React-Codegen (= 0.70.15)
    - React-Core/RCTAnimationHeaders (= 0.70.15)
    - React-jsi (= 0.70.15)
    - ReactCommon/turbomodule/core (= 0.70.15)
  - React-RCTBlob (0.70.15):
    - RCT-Folly (= 2021.07.22.00)
    - React-Codegen (= 0.70.15)
    - React-Core/RCTBlobHeaders (= 0.70.15)
    - React-Core/RCTWebSocket (= 0.70.15)
    - React-jsi (= 0.70.15)
    - React-RCTNetwork (= 0.70.15)
    - ReactCommon/turbomodule/core (= 0.70.15)
  - React-RCTImage (0.70.15):
    - RCT-Folly (= 2021.07.22.00)
    - RCTTypeSafety (= 0.70.15)
    - React-Codegen (= 0.70.15)
    - React-Core/RCTImageHeaders (= 0.70.15)
    - React-jsi (= 0.70.15)
    - React-RCTNetwork (= 0.70.15)
    - ReactCommon/turbomodule/core (= 0.70.15)
  - React-RCTLinking (0.70.15):
    - React-Codegen (= 0.70.15)
    - React-Core/RCTLinkingHeaders (= 0.70.15)
    - React-jsi (= 0.70.15)
    - ReactCommon/turbomodule/core (= 0.70.15)
  - React-RCTNetwork (0.70.15):
    - RCT-Folly (= 2021.07.22.00)
    - RCTTypeSafety (= 0.70.15)
    - React-Codegen (= 0.70.15)
    - React-Core/RCTNetworkHeaders (= 0.70.15)
    - React-jsi (= 0.70.15)
    - ReactCommon/turbomodule/core (= 0.70.15)
  - React-RCTSettings (0.70.15):
    - RCT-Folly (= 2021.07.22.00)
    - RCTTypeSafety (= 0.70.15)
    - React-Codegen (= 0.70.15)
    - React-Core/RCTSettingsHeaders (= 0.70.15)
    - React-jsi (= 0.70.15)
    - ReactCommon/turbomodule/core (= 0.70.15)
  - React-RCTText (0.70.15):
    - React-Core/RCTTextHeaders (= 0.70.15)
  - React-RCTVibration (0.70.15):
    - RCT-Folly (= 2021.07.22.00)
    - React-Codegen (= 0.70.15)
    - React-Core/RCTVibrationHeaders (= 0.70.15)
    - React-jsi (= 0.70.15)
    - ReactCommon/turbomodule/core (= 0.70.15)
  - React-runtimeexecutor (0.70.15):
    - React-jsi (= 0.70.15)
  - ReactCommon/turbomodule/core (0.70.15):
    - DoubleConversion
    - glog
    - RCT-Folly (= 2021.07.22.00)
    - React-bridging (= 0.70.15)
    - React-callinvoker (= 0.70.15)
    - React-Core (= 0.70.15)
    - React-cxxreact (= 0.70.15)
    - React-jsi (= 0.70.15)
    - React-logger (= 0.70.15)
    - React-perflogger (= 0.70.15)
  - ReactNativeUiLib (3.0.9):
    - React
  - RNCAsyncStorage (2.0.0):
    - React-Core
  - RNCClipboard (1.14.2):
    - React-Core
  - RNDateTimePicker (6.7.5):
    - React-Core
  - RNFastImage (8.6.3):
    - React-Core
    - SDWebImage (~> 5.11.1)
    - SDWebImageWebPCoder (~> 0.8.4)
  - RNFBAnalytics (20.5.0):
    - Firebase/AnalyticsWithoutAdIdSupport (= 10.29.0)
    - React-Core
    - RNFBApp
  - RNFBApp (20.5.0):
    - Firebase/CoreOnly (= 10.29.0)
    - React-Core
  - RNFS (2.20.0):
    - React-Core
  - RNGestureHandler (2.17.1):
    - React-Core
  - RNInAppBrowser (3.7.0):
    - React-Core
  - RNPermissions (4.1.5):
    - React-Core
  - RNReactNativeHapticFeedback (2.3.3):
    - React-Core
  - RNReanimated (2.14.4):
    - DoubleConversion
    - FBLazyVector
    - FBReactNativeSpec
    - glog
    - RCT-Folly
    - RCTRequired
    - RCTTypeSafety
    - React-callinvoker
    - React-Core
    - React-Core/DevSupport
    - React-Core/RCTWebSocket
    - React-CoreModules
    - React-cxxreact
    - React-jsi
    - React-jsiexecutor
    - React-jsinspector
    - React-RCTActionSheet
    - React-RCTAnimation
    - React-RCTBlob
    - React-RCTImage
    - React-RCTLinking
    - React-RCTNetwork
    - React-RCTSettings
    - React-RCTText
    - ReactCommon/turbomodule/core
    - Yoga
  - RNScreens (3.32.0):
    - React-Core
    - React-RCTImage
  - RNSVG (12.5.1):
    - React-Core
  - SDWebImage (5.11.1):
    - SDWebImage/Core (= 5.11.1)
  - SDWebImage/Core (5.11.1)
  - SDWebImageWebPCoder (0.8.5):
    - libwebp (~> 1.0)
    - SDWebImage/Core (~> 5.10)
  - Toast (4.1.1)
  - Yoga (1.14.0)

DEPENDENCIES:
  - boost (from `../node_modules/react-native/third-party-podspecs/boost.podspec`)
  - BVLinearGradient (from `../node_modules/react-native-linear-gradient`)
  - DoubleConversion (from `../node_modules/react-native/third-party-podspecs/DoubleConversion.podspec`)
  - FBLazyVector (from `../node_modules/react-native/Libraries/FBLazyVector`)
  - FBReactNativeSpec (from `../node_modules/react-native/React/FBReactNativeSpec`)
  - glog (from `../node_modules/react-native/third-party-podspecs/glog.podspec`)
  - hermes-engine (from `../node_modules/react-native/sdks/hermes/hermes-engine.podspec`)
  - Interactable (from `../node_modules/react-native-interactable`)
  - libevent (~> 2.1.12)
  - RCT-Folly (from `../node_modules/react-native/third-party-podspecs/RCT-Folly.podspec`)
  - RCTRequired (from `../node_modules/react-native/Libraries/RCTRequired`)
  - RCTTypeSafety (from `../node_modules/react-native/Libraries/TypeSafety`)
  - React (from `../node_modules/react-native/`)
  - React-bridging (from `../node_modules/react-native/ReactCommon`)
  - React-callinvoker (from `../node_modules/react-native/ReactCommon/callinvoker`)
  - React-Codegen (from `build/generated/ios`)
  - React-Core (from `../node_modules/react-native/`)
  - React-Core/RCTWebSocket (from `../node_modules/react-native/`)
  - React-CoreModules (from `../node_modules/react-native/React/CoreModules`)
  - React-cxxreact (from `../node_modules/react-native/ReactCommon/cxxreact`)
  - React-hermes (from `../node_modules/react-native/ReactCommon/hermes`)
  - React-jsi (from `../node_modules/react-native/ReactCommon/jsi`)
  - React-jsiexecutor (from `../node_modules/react-native/ReactCommon/jsiexecutor`)
  - React-jsinspector (from `../node_modules/react-native/ReactCommon/jsinspector`)
  - React-logger (from `../node_modules/react-native/ReactCommon/logger`)
  - react-native-blob-util (from `../node_modules/react-native-blob-util`)
  - "react-native-cameraroll (from `../node_modules/@react-native-camera-roll/camera-roll`)"
  - react-native-compressor (from `../node_modules/react-native-compressor`)
  - "react-native-cookies (from `../node_modules/@react-native-cookies/cookies`)"
  - react-native-image-picker (from `../node_modules/react-native-image-picker`)
  - "react-native-menu (from `../node_modules/@react-native-menu/menu`)"
  - react-native-pager-view (from `../node_modules/react-native-pager-view`)
  - react-native-restart (from `../node_modules/react-native-restart`)
  - react-native-safe-area-context (from `../node_modules/react-native-safe-area-context`)
  - react-native-simple-toast (from `../node_modules/react-native-simple-toast`)
  - react-native-webview (from `../node_modules/react-native-webview`)
  - React-perflogger (from `../node_modules/react-native/ReactCommon/reactperflogger`)
  - React-RCTActionSheet (from `../node_modules/react-native/Libraries/ActionSheetIOS`)
  - React-RCTAnimation (from `../node_modules/react-native/Libraries/NativeAnimation`)
  - React-RCTBlob (from `../node_modules/react-native/Libraries/Blob`)
  - React-RCTImage (from `../node_modules/react-native/Libraries/Image`)
  - React-RCTLinking (from `../node_modules/react-native/Libraries/LinkingIOS`)
  - React-RCTNetwork (from `../node_modules/react-native/Libraries/Network`)
  - React-RCTSettings (from `../node_modules/react-native/Libraries/Settings`)
  - React-RCTText (from `../node_modules/react-native/Libraries/Text`)
  - React-RCTVibration (from `../node_modules/react-native/Libraries/Vibration`)
  - React-runtimeexecutor (from `../node_modules/react-native/ReactCommon/runtimeexecutor`)
  - ReactCommon/turbomodule/core (from `../node_modules/react-native/ReactCommon`)
  - ReactNativeUiLib (from `../node_modules/react-native-ui-lib`)
  - "RNCAsyncStorage (from `../node_modules/@react-native-async-storage/async-storage`)"
  - "RNCClipboard (from `../node_modules/@react-native-clipboard/clipboard`)"
  - "RNDateTimePicker (from `../node_modules/@react-native-community/datetimepicker`)"
  - RNFastImage (from `../node_modules/react-native-fast-image`)
  - "RNFBAnalytics (from `../node_modules/@react-native-firebase/analytics`)"
  - "RNFBApp (from `../node_modules/@react-native-firebase/app`)"
  - RNFS (from `../node_modules/react-native-fs`)
  - RNGestureHandler (from `../node_modules/react-native-gesture-handler`)
  - RNInAppBrowser (from `../node_modules/react-native-inappbrowser-reborn`)
  - RNPermissions (from `../node_modules/react-native-permissions`)
  - RNReactNativeHapticFeedback (from `../node_modules/react-native-haptic-feedback`)
  - RNReanimated (from `../node_modules/react-native-reanimated`)
  - RNScreens (from `../node_modules/react-native-screens`)
  - RNSVG (from `../node_modules/react-native-svg`)
  - Yoga (from `../node_modules/react-native/ReactCommon/yoga`)

SPEC REPOS:
  trunk:
    - Firebase
    - FirebaseAnalytics
    - FirebaseCore
    - FirebaseCoreInternal
    - FirebaseInstallations
    - fmt
    - GoogleAppMeasurement
    - GoogleUtilities
    - libevent
    - libwebp
    - nanopb
    - PromisesObjC
    - SDWebImage
    - SDWebImageWebPCoder
    - Toast

EXTERNAL SOURCES:
  boost:
    :podspec: "../node_modules/react-native/third-party-podspecs/boost.podspec"
  BVLinearGradient:
    :path: "../node_modules/react-native-linear-gradient"
  DoubleConversion:
    :podspec: "../node_modules/react-native/third-party-podspecs/DoubleConversion.podspec"
  FBLazyVector:
    :path: "../node_modules/react-native/Libraries/FBLazyVector"
  FBReactNativeSpec:
    :path: "../node_modules/react-native/React/FBReactNativeSpec"
  glog:
    :podspec: "../node_modules/react-native/third-party-podspecs/glog.podspec"
  hermes-engine:
    :podspec: "../node_modules/react-native/sdks/hermes/hermes-engine.podspec"
  Interactable:
    :path: "../node_modules/react-native-interactable"
  RCT-Folly:
    :podspec: "../node_modules/react-native/third-party-podspecs/RCT-Folly.podspec"
  RCTRequired:
    :path: "../node_modules/react-native/Libraries/RCTRequired"
  RCTTypeSafety:
    :path: "../node_modules/react-native/Libraries/TypeSafety"
  React:
    :path: "../node_modules/react-native/"
  React-bridging:
    :path: "../node_modules/react-native/ReactCommon"
  React-callinvoker:
    :path: "../node_modules/react-native/ReactCommon/callinvoker"
  React-Codegen:
    :path: build/generated/ios
  React-Core:
    :path: "../node_modules/react-native/"
  React-CoreModules:
    :path: "../node_modules/react-native/React/CoreModules"
  React-cxxreact:
    :path: "../node_modules/react-native/ReactCommon/cxxreact"
  React-hermes:
    :path: "../node_modules/react-native/ReactCommon/hermes"
  React-jsi:
    :path: "../node_modules/react-native/ReactCommon/jsi"
  React-jsiexecutor:
    :path: "../node_modules/react-native/ReactCommon/jsiexecutor"
  React-jsinspector:
    :path: "../node_modules/react-native/ReactCommon/jsinspector"
  React-logger:
    :path: "../node_modules/react-native/ReactCommon/logger"
  react-native-blob-util:
    :path: "../node_modules/react-native-blob-util"
  react-native-cameraroll:
    :path: "../node_modules/@react-native-camera-roll/camera-roll"
  react-native-compressor:
    :path: "../node_modules/react-native-compressor"
  react-native-cookies:
    :path: "../node_modules/@react-native-cookies/cookies"
  react-native-image-picker:
    :path: "../node_modules/react-native-image-picker"
  react-native-menu:
    :path: "../node_modules/@react-native-menu/menu"
  react-native-pager-view:
    :path: "../node_modules/react-native-pager-view"
  react-native-restart:
    :path: "../node_modules/react-native-restart"
  react-native-safe-area-context:
    :path: "../node_modules/react-native-safe-area-context"
  react-native-simple-toast:
    :path: "../node_modules/react-native-simple-toast"
  react-native-webview:
    :path: "../node_modules/react-native-webview"
  React-perflogger:
    :path: "../node_modules/react-native/ReactCommon/reactperflogger"
  React-RCTActionSheet:
    :path: "../node_modules/react-native/Libraries/ActionSheetIOS"
  React-RCTAnimation:
    :path: "../node_modules/react-native/Libraries/NativeAnimation"
  React-RCTBlob:
    :path: "../node_modules/react-native/Libraries/Blob"
  React-RCTImage:
    :path: "../node_modules/react-native/Libraries/Image"
  React-RCTLinking:
    :path: "../node_modules/react-native/Libraries/LinkingIOS"
  React-RCTNetwork:
    :path: "../node_modules/react-native/Libraries/Network"
  React-RCTSettings:
    :path: "../node_modules/react-native/Libraries/Settings"
  React-RCTText:
    :path: "../node_modules/react-native/Libraries/Text"
  React-RCTVibration:
    :path: "../node_modules/react-native/Libraries/Vibration"
  React-runtimeexecutor:
    :path: "../node_modules/react-native/ReactCommon/runtimeexecutor"
  ReactCommon:
    :path: "../node_modules/react-native/ReactCommon"
  ReactNativeUiLib:
    :path: "../node_modules/react-native-ui-lib"
  RNCAsyncStorage:
    :path: "../node_modules/@react-native-async-storage/async-storage"
  RNCClipboard:
    :path: "../node_modules/@react-native-clipboard/clipboard"
  RNDateTimePicker:
    :path: "../node_modules/@react-native-community/datetimepicker"
  RNFastImage:
    :path: "../node_modules/react-native-fast-image"
  RNFBAnalytics:
    :path: "../node_modules/@react-native-firebase/analytics"
  RNFBApp:
    :path: "../node_modules/@react-native-firebase/app"
  RNFS:
    :path: "../node_modules/react-native-fs"
  RNGestureHandler:
    :path: "../node_modules/react-native-gesture-handler"
  RNInAppBrowser:
    :path: "../node_modules/react-native-inappbrowser-reborn"
  RNPermissions:
    :path: "../node_modules/react-native-permissions"
  RNReactNativeHapticFeedback:
    :path: "../node_modules/react-native-haptic-feedback"
  RNReanimated:
    :path: "../node_modules/react-native-reanimated"
  RNScreens:
    :path: "../node_modules/react-native-screens"
  RNSVG:
    :path: "../node_modules/react-native-svg"
  Yoga:
    :path: "../node_modules/react-native/ReactCommon/yoga"

SPEC CHECKSUMS:
  boost: a7c83b31436843459a1961bfd74b96033dc77234
  BVLinearGradient: 880f91a7854faff2df62518f0281afb1c60d49a3
  DoubleConversion: 5189b271737e1565bdce30deb4a08d647e3f5f54
  FBLazyVector: 9cf707e46f9bd90816b7c91b2c1c8b8a2f549527
  FBReactNativeSpec: 5ce1ea97a4309ded19af6c21f13f63ee3cabfed2
  Firebase: cec914dab6fd7b1bd8ab56ea07ce4e03dd251c2d
  FirebaseAnalytics: 23717de130b779aa506e757edb9713d24b6ffeda
  FirebaseCore: 30e9c1cbe3d38f5f5e75f48bfcea87d7c358ec16
  FirebaseCoreInternal: df84dd300b561c27d5571684f389bf60b0a5c934
  FirebaseInstallations: 913cf60d0400ebd5d6b63a28b290372ab44590dd
  fmt: ff9d55029c625d3757ed641535fd4a75fedc7ce9
  glog: 3d02b25ca00c2d456734d0bcff864cbc62f6ae1a
  GoogleAppMeasurement: f9de05ee17401e3355f68e8fc8b5064d429f5918
  GoogleUtilities: ea963c370a38a8069cc5f7ba4ca849a60b6d7d15
  hermes-engine: 8e84f1284180801c1a1b241f443ba64f931ff561
  Interactable: 411887c89fa16ac41f8e7898aca06dcad55e5f22
  libevent: 4049cae6c81cdb3654a443be001fb9bdceff7913
  libwebp: 1786c9f4ff8a279e4dac1e8f385004d5fc253009
  nanopb: 438bc412db1928dac798aa6fd75726007be04262
  PromisesObjC: f5707f49cb48b9636751c5b2e7d227e43fba9f47
  RCT-Folly: 0080d0a6ebf2577475bda044aa59e2ca1f909cda
  RCTRequired: 2a96ea90ffddd10cc43115bd93803692e09b5d9a
  RCTTypeSafety: 02c99baddcf0b3393bf58e6d9b792e83a37716b4
  React: 45e3210df90d25ec6da7fc286943b377b63a92ec
  React-bridging: e3a18265bbd59003562e29429985e0923a5b6286
  React-callinvoker: 344ff205a470c3c99b4daf0a2dff9bc29045d6c5
  React-Codegen: 2b1765b0e1a38b8b3601178ca27c1e9216e81632
  React-Core: 93efb81ef85fafee7f83f7ef6ecf546b2e1ee2c0
  React-CoreModules: 4eb535b1650b718cb3680767c1b9a1cacf649cbc
  React-cxxreact: 283248db3101de28d6cf0fe438a2dc95537ee472
  React-hermes: 5439b771de0b04930c97888cc4c28852aa37389c
  React-jsi: 560bdf0bc36d5c137ac962c0eb4b60b50c304d77
  React-jsiexecutor: d2eebcd5a432f90be3baa5d1309f47d05478ea61
  React-jsinspector: bfedded1f4f562d29c2d4a8bb795c9a150a739e4
  React-logger: 31f198387a04172be49fe38e41a082560a81aeeb
  react-native-blob-util: 39a20f2ef11556d958dc4beb0aa07d1ef2690745
  react-native-cameraroll: 755bcc628148a90a7c9cf3f817a252be3a601bc5
  react-native-compressor: 1f4eec1f5082d93555346eb0ccef4a2dcd409f99
  react-native-cookies: f54fcded06bb0cda05c11d86788020b43528a26c
  react-native-image-picker: 60f4246eb5bb7187fc15638a8c1f13abd3820695
  react-native-menu: c30eb7a85d7b04d51945f61ea8a8986ed366ac5c
  react-native-pager-view: 8d3fa16cfee14b4ace58499e9244287ece82e346
  react-native-restart: 45c8dca02491980f2958595333cbccd6877cb57e
  react-native-safe-area-context: 851c62c48dce80ccaa5637b6aa5991a1bc36eca9
  react-native-simple-toast: 1f1cc551d419bc0ab05dcb0136554006c274789d
  react-native-webview: 9878f756078ae731c2b72c107191b466b606e22a
  React-perflogger: 010e98d3335e5185a8f7496babca50d82a042e84
  React-RCTActionSheet: 0f585d684b540a5bbfc62b0a1fbc5292cff2aefc
  React-RCTAnimation: eb0e5b020333f9cc652d85f27a47086fbf56fffd
  React-RCTBlob: 4af18ad2a64515c3ede9b829e8532f1508e00894
  React-RCTImage: 08787efa5378ad0e7344943eed1b898619cf956a
  React-RCTLinking: ea7ec6fbfdb04df7895c39f15f0e7479acc43bca
  React-RCTNetwork: 926b436b6afada9905d969a8e3713cf204905a00
  React-RCTSettings: cc083c9b6e126b7e6ea1128e64837d8b78ceb219
  React-RCTText: c36ddf2bda5131b325e1c2763700f0a63a963e1d
  React-RCTVibration: 12a2a859fa22368d2fc3ca7594504fd130b91a18
  React-runtimeexecutor: 04332dda2f2335ea4ddaf9255de069d3269f4e8b
  ReactCommon: 200471e0841cf2f7cde1fa2ef3d3c199ed970c07
  ReactNativeUiLib: 8d3804947431a465a69f09c5e785c988314612a9
  RNCAsyncStorage: d35c79ffba52c1013013e16b1fc295aec2feabb6
  RNCClipboard: 5e503962f0719ace8f7fdfe9c60282b526305c85
  RNDateTimePicker: 65e1d202799460b286ff5e741d8baf54695e8abd
  RNFastImage: 5c9c9fed9c076e521b3f509fe79e790418a544e8
  RNFBAnalytics: 4fcff9d66db74816cf9216be847cb96b03d8ba76
  RNFBApp: 017499cd7ea340963bfac43b4fcb28d2b0b21a09
  RNFS: 4ac0f0ea233904cb798630b3c077808c06931688
  RNGestureHandler: 30704285c8ef803f7705f92dd9428261ed756e24
  RNInAppBrowser: e36d6935517101ccba0e875bac8ad7b0cb655364
  RNPermissions: 294531ede5a64d1528463e88fffef05675842042
  RNReactNativeHapticFeedback: abc58bfad697c6359c0776c6c6acdbbe1aa357ee
  RNReanimated: 6668b0587bebd4b15dd849b99e5a9c70fc12ed95
  RNScreens: afdbd43bcd6c81559917054da18ad101b4395000
  RNSVG: d7d7bc8229af3842c9cfc3a723c815a52cdd1105
  SDWebImage: a7f831e1a65eb5e285e3fb046a23fcfbf08e696d
  SDWebImageWebPCoder: 908b83b6adda48effe7667cd2b7f78c897e5111d
  Toast: 1f5ea13423a1e6674c4abdac5be53587ae481c4e
  Yoga: d6134eb3d6e3675afc1d6d65ccb3169b60e21980

PODFILE CHECKSUM: 6b7a4bc770364ea5a70738619fc3c5a44420bbca

COCOAPODS: 1.15.2
